
Microsoft Visual Studio Solution File, Format Version 12.00
# Visual Studio 15
VisualStudioVersion = 15.0.27130.2036
MinimumVisualStudioVersion = 10.0.40219.1
Project("{9A19103F-16F7-4668-BE54-9A1E7A4F7556}") = "Gico.ConsoleApp", "Gico.ConsoleApp\Gico.ConsoleApp.csproj", "{8F462AE6-6102-4BFA-A4B2-445CF694EEE3}"
EndProject
Project("{2150E333-8FDC-42A3-9474-1A3956D46DE8}") = "Test", "Test", "{F91DAD98-8BAC-46EE-8B30-1A953BA0FB17}"
EndProject
Project("{2150E333-8FDC-42A3-9474-1A3956D46DE8}") = "Application", "Application", "{5E5889BE-9611-4FD3-B4B1-E183A409600D}"
EndProject
Project("{2150E333-8FDC-42A3-9474-1A3956D46DE8}") = "Common", "Common", "{9986E68A-53B2-4DB7-9068-42AE66C55CC4}"
EndProject
Project("{2150E333-8FDC-42A3-9474-1A3956D46DE8}") = "CQRSBase", "CQRSBase", "{8BACB55B-FE1F-4156-B173-42FC6FDAC25E}"
EndProject
Project("{2150E333-8FDC-42A3-9474-1A3956D46DE8}") = "Database", "Database", "{4B0F9FA1-64D1-4356-9CEF-5E6097388335}"
EndProject
Project("{9A19103F-16F7-4668-BE54-9A1E7A4F7556}") = "Gico.CQRS", "Gico.CQRS\Gico.CQRS.csproj", "{3F94FC21-BC38-4B07-940E-7DE94B3EA744}"
EndProject
Project("{9A19103F-16F7-4668-BE54-9A1E7A4F7556}") = "Gico.Tracking", "Gico.Tracking\Gico.Tracking.csproj", "{17901534-9E39-4750-827B-9BC54E568922}"
EndProject
Project("{9A19103F-16F7-4668-BE54-9A1E7A4F7556}") = "Gico.Resilience.Http", "Gico.Resilience.Http\Gico.Resilience.Http.csproj", "{D5132D28-0ACA-4A39-800D-CE73133673A4}"
EndProject
Project("{9A19103F-16F7-4668-BE54-9A1E7A4F7556}") = "Gico.DataObject", "Gico.DataObject\Gico.DataObject.csproj", "{52AFBDDC-1B3C-474B-BB1A-45260F7DCC30}"
EndProject
Project("{9A19103F-16F7-4668-BE54-9A1E7A4F7556}") = "Gico.Config", "Gico.Config\Gico.Config.csproj", "{F4F0E502-6432-418F-B8CB-505433834808}"
EndProject
Project("{9A19103F-16F7-4668-BE54-9A1E7A4F7556}") = "Gico.Common", "Gico.Common\Gico.Common.csproj", "{AF3F8F5E-97C7-4197-835D-5F8F1B4AAD33}"
EndProject
Project("{9A19103F-16F7-4668-BE54-9A1E7A4F7556}") = "Gico.Caching", "Gico.Caching\Gico.Caching.csproj", "{39AA31C3-D0AE-41EC-872C-5B9EA25F7934}"
EndProject
Project("{2150E333-8FDC-42A3-9474-1A3956D46DE8}") = "1.Presentation Layer", "1.Presentation Layer", "{B5874396-EF14-4162-B88F-195505370D86}"
EndProject
Project("{2150E333-8FDC-42A3-9474-1A3956D46DE8}") = "2.Application Service Layer", "2.Application Service Layer", "{A93BC807-84DF-40FC-8527-3B6D44533F3D}"
EndProject
Project("{2150E333-8FDC-42A3-9474-1A3956D46DE8}") = "3.Service Layer", "3.Service Layer", "{FA5C971E-7F39-460D-83E4-AA6676D5B202}"
EndProject
Project("{2150E333-8FDC-42A3-9474-1A3956D46DE8}") = "Read", "Read", "{00E5BDE2-0B85-4CF0-BF51-28FBE52979A3}"
EndProject
Project("{2150E333-8FDC-42A3-9474-1A3956D46DE8}") = "Write", "Write", "{53C9A271-1D96-4973-98F5-590B63BAE37D}"
EndProject
Project("{2150E333-8FDC-42A3-9474-1A3956D46DE8}") = "1.Command Layer", "1.Command Layer", "{51FE3265-45AA-4ED0-81FE-9CA34622AFCE}"
EndProject
Project("{2150E333-8FDC-42A3-9474-1A3956D46DE8}") = "2.Event Layer", "2.Event Layer", "{C1E2CBDF-570B-487D-9C97-C52C88D5BDC3}"
EndProject
Project("{2150E333-8FDC-42A3-9474-1A3956D46DE8}") = "3.Domain Layer", "3.Domain Layer", "{786D1EAE-E31E-40A6-86BF-15BFD0D29E23}"
EndProject
Project("{2150E333-8FDC-42A3-9474-1A3956D46DE8}") = "4.Data Layer", "4.Data Layer", "{54F41EFC-A3B0-4A5C-AE94-A42AAFE9CBC9}"
EndProject
Project("{2150E333-8FDC-42A3-9474-1A3956D46DE8}") = "1.Read Model Layer", "1.Read Model Layer", "{8DC64EB0-5CBA-4BA8-B920-992CB4D0E4D3}"
EndProject
Project("{2150E333-8FDC-42A3-9474-1A3956D46DE8}") = "2.Data Layer", "2.Data Layer", "{6FF1F81B-3396-43AB-97F0-E3F9D57EB15C}"
EndProject
Project("{2150E333-8FDC-42A3-9474-1A3956D46DE8}") = "DestopApps", "DestopApps", "{62C9BBCA-047F-4502-8D6B-27A79306F25E}"
EndProject
Project("{2150E333-8FDC-42A3-9474-1A3956D46DE8}") = "MobileApps", "MobileApps", "{841581F0-97C4-4CFB-A55F-7D46EB8320DF}"
EndProject
Project("{2150E333-8FDC-42A3-9474-1A3956D46DE8}") = "WebApps", "WebApps", "{A3764E45-2364-4DE4-804F-C9E23B456A8F}"
EndProject
Project("{2150E333-8FDC-42A3-9474-1A3956D46DE8}") = "Workers", "Workers", "{E42C4DBF-F6B2-4B68-9164-4C28C164B6D8}"
EndProject
Project("{9A19103F-16F7-4668-BE54-9A1E7A4F7556}") = "Gico.FileDataObject", "Gico.FileDataObject\Gico.FileDataObject.csproj", "{C00CE152-026E-4616-9422-57344CF3F387}"
EndProject
Project("{9A19103F-16F7-4668-BE54-9A1E7A4F7556}") = "Gico.FileDomains", "Gico.FileDomains\Gico.FileDomains.csproj", "{6A619277-8206-4666-83E1-2BB9BC5A8D83}"
EndProject
Project("{9A19103F-16F7-4668-BE54-9A1E7A4F7556}") = "Gico.Domains", "Gico.Domains\Gico.Domains.csproj", "{56BBEADD-58FB-4FEE-BF40-A8041EB51CBC}"
EndProject
Project("{9A19103F-16F7-4668-BE54-9A1E7A4F7556}") = "Gico.EventsHandler", "Gico.EventsHandler\Gico.EventsHandler.csproj", "{3D99AEB7-307B-4ECC-BD9B-CD2E8D88FBD1}"
EndProject
Project("{9A19103F-16F7-4668-BE54-9A1E7A4F7556}") = "Gico.FileCommandsHandler", "Gico.FileCommandsHandler\Gico.FileCommandsHandler.csproj", "{32AC4826-2C88-46F3-821B-7D607FE86637}"
EndProject
Project("{9A19103F-16F7-4668-BE54-9A1E7A4F7556}") = "Gico.FileCommands", "Gico.FileCommands\Gico.FileCommands.csproj", "{109E3637-35E4-4A25-B8D1-03CBC72249FE}"
EndProject
Project("{9A19103F-16F7-4668-BE54-9A1E7A4F7556}") = "Gico.ReadModels", "Gico.ReadModels\Gico.ReadModels.csproj", "{6AF4DB96-6E5E-46F2-AAC1-AAC3DA493723}"
EndProject
Project("{9A19103F-16F7-4668-BE54-9A1E7A4F7556}") = "Gico.ShardingConfigService", "Gico.ShardingConfigService\Gico.ShardingConfigService.csproj", "{EBFE6193-4E53-40D9-B0A7-CA8493AA1142}"
EndProject
Project("{9A19103F-16F7-4668-BE54-9A1E7A4F7556}") = "Gico.FileService", "Gico.FileService\Gico.FileService.csproj", "{25E6EB39-FCEB-4F78-ACF3-B97DA3A7D8EB}"
EndProject
Project("{9A19103F-16F7-4668-BE54-9A1E7A4F7556}") = "Gico.SystemModels", "Gico.SystemModels\Gico.SystemModels.csproj", "{6EC7999A-3508-4629-82FC-F1E1DFF16606}"
EndProject
Project("{9A19103F-16F7-4668-BE54-9A1E7A4F7556}") = "Gico.SystemAppService", "Gico.SystemAppService\Gico.SystemAppService.csproj", "{C6D093C5-1D58-4465-A195-5956D1125346}"
EndProject
Project("{9A19103F-16F7-4668-BE54-9A1E7A4F7556}") = "Gico.Models", "Gico.Models\Gico.Models.csproj", "{56C3D160-2496-4F1E-9E75-F95FB4BA070B}"
EndProject
Project("{9A19103F-16F7-4668-BE54-9A1E7A4F7556}") = "Gico.FileModels", "Gico.FileModels\Gico.FileModels.csproj", "{27B6C360-315C-48F9-9D4E-A954067DB14A}"
EndProject
Project("{9A19103F-16F7-4668-BE54-9A1E7A4F7556}") = "Gico.FileAppService", "Gico.FileAppService\Gico.FileAppService.csproj", "{DD024DC4-E02A-4326-8264-17209474F60F}"
EndProject
Project("{9A19103F-16F7-4668-BE54-9A1E7A4F7556}") = "Gico.ProcessEventWk", "Gico.ProcessEventWk\Gico.ProcessEventWk.csproj", "{0D18DB85-A3B1-421E-8805-7A58F5DEBAD2}"
EndProject
Project("{9A19103F-16F7-4668-BE54-9A1E7A4F7556}") = "Gico.ProcessCommandWk", "Gico.ProcessCommandWk\Gico.ProcessCommandWk.csproj", "{A2AB3A0F-7737-42F6-9C4B-C35AC0D209FD}"
EndProject
Project("{9A19103F-16F7-4668-BE54-9A1E7A4F7556}") = "Gico.FrontEnd", "Gico.FrontEnd\Gico.FrontEnd.csproj", "{B6425D9E-50F3-4289-83D9-2A6AEB3967BD}"
EndProject
Project("{9A19103F-16F7-4668-BE54-9A1E7A4F7556}") = "Gico.Cdn", "Gico.Cdn\Gico.Cdn.csproj", "{24964A97-7435-4D9C-AD9C-F76D8F2F861B}"
EndProject
Project("{9A19103F-16F7-4668-BE54-9A1E7A4F7556}") = "Gico.OrderDomains", "Gico.OrderDomains\Gico.OrderDomains.csproj", "{D9A26065-D347-4EC7-89A6-FE1B579EC34E}"
EndProject
Project("{9A19103F-16F7-4668-BE54-9A1E7A4F7556}") = "Gico.FrontEndModels", "Gico.FrontEndModels\Gico.FrontEndModels.csproj", "{D8D3EEB7-98B1-435A-952A-AA2656864A4E}"
EndProject
Project("{9A19103F-16F7-4668-BE54-9A1E7A4F7556}") = "Gico.SystemEvents", "Gico.SystemEvents\Gico.SystemEvents.csproj", "{291C901E-7CE5-4FCF-9788-7393B512D165}"
EndProject
Project("{9A19103F-16F7-4668-BE54-9A1E7A4F7556}") = "Gico.SystemEventsHandler", "Gico.SystemEventsHandler\Gico.SystemEventsHandler.csproj", "{3AAC7F4C-CBC4-467D-B69C-C19097790169}"
EndProject
Project("{9A19103F-16F7-4668-BE54-9A1E7A4F7556}") = "Gico.SystemCacheStorage", "Gico.SystemCacheStorage\Gico.SystemCacheStorage.csproj", "{98E495BB-E4ED-4DDF-AD20-9BEC1CE8EB4F}"
EndProject
Project("{9A19103F-16F7-4668-BE54-9A1E7A4F7556}") = "Gico.ReadSystemModels", "Gico.ReadSystemModels\Gico.ReadSystemModels.csproj", "{6B39B49A-BE11-4967-AB46-487FE81B218B}"
EndProject
Project("{9A19103F-16F7-4668-BE54-9A1E7A4F7556}") = "Gico.SystemDomains", "Gico.SystemDomains\Gico.SystemDomains.csproj", "{07396296-CFBC-4C98-818C-A50918CB0BA0}"
EndProject
Project("{9A19103F-16F7-4668-BE54-9A1E7A4F7556}") = "Gico.SystemService", "Gico.SystemService\Gico.SystemService.csproj", "{0A1439C0-6441-4A8E-B6A9-52553C955023}"
EndProject
Project("{9A19103F-16F7-4668-BE54-9A1E7A4F7556}") = "Gico.SystemDataObject", "Gico.SystemDataObject\Gico.SystemDataObject.csproj", "{654C85EF-AA6E-43B5-B63A-A40E3058EC5C}"
EndProject
Project("{9A19103F-16F7-4668-BE54-9A1E7A4F7556}") = "Gico.SystemCommands", "Gico.SystemCommands\Gico.SystemCommands.csproj", "{759E401C-F85C-43C0-BC68-DEEA22420582}"
EndProject
Project("{9A19103F-16F7-4668-BE54-9A1E7A4F7556}") = "Gico.SystemCommandsHandler", "Gico.SystemCommandsHandler\Gico.SystemCommandsHandler.csproj", "{B06F0AF5-DAC8-48AE-AB47-E634B6B55B8F}"
EndProject
Project("{9A19103F-16F7-4668-BE54-9A1E7A4F7556}") = "Gico.EventInitWk", "Gico.EventInitWk\Gico.EventInitWk.csproj", "{19BE6EA2-AA6E-40C4-B6A9-A124AD20E5F6}"
EndProject
Project("{9A19103F-16F7-4668-BE54-9A1E7A4F7556}") = "Gico.FrontEndAppService", "Gico.FrontEndAppService\Gico.FrontEndAppService.csproj", "{CF08BA40-DE52-4812-97D0-2E4A2BF2EBF2}"
EndProject
Project("{9A19103F-16F7-4668-BE54-9A1E7A4F7556}") = "Gico.ReadCartModels", "Gico.ReadCartModels\Gico.ReadCartModels.csproj", "{A74552A6-150A-49C6-9BB7-108019DFB07B}"
EndProject
Project("{9A19103F-16F7-4668-BE54-9A1E7A4F7556}") = "Gico.OrderService", "Gico.OrderService\Gico.OrderService.csproj", "{28F3000B-A683-457E-A6C8-0454B35F070D}"
EndProject
Project("{9A19103F-16F7-4668-BE54-9A1E7A4F7556}") = "Gico.OrderCommands", "Gico.OrderCommands\Gico.OrderCommands.csproj", "{01615343-8645-4185-A360-42418081C02E}"
EndProject
Project("{9A19103F-16F7-4668-BE54-9A1E7A4F7556}") = "Gico.OrderDataObject", "Gico.OrderDataObject\Gico.OrderDataObject.csproj", "{DA56F253-8F62-44F8-8294-5F6971CE8A18}"
EndProject
Project("{9A19103F-16F7-4668-BE54-9A1E7A4F7556}") = "Gico.OrderCommandsHandler", "Gico.OrderCommandsHandler\Gico.OrderCommandsHandler.csproj", "{DE333D84-6757-428B-85F7-585EB29BB099}"
EndProject
Project("{9A19103F-16F7-4668-BE54-9A1E7A4F7556}") = "Gico.ExceptionDefine", "Gico.ExceptionDefine\Gico.ExceptionDefine.csproj", "{EA0AFE16-EF11-4734-9B93-5A74AB3C8351}"
EndProject
Project("{9A19103F-16F7-4668-BE54-9A1E7A4F7556}") = "Gico.OrderCacheStorage", "Gico.OrderCacheStorage\Gico.OrderCacheStorage.csproj", "{B652E8B0-8876-44E4-9853-B6009778BA63}"
EndProject
Project("{9A19103F-16F7-4668-BE54-9A1E7A4F7556}") = "Gico.OrderEvents", "Gico.OrderEvents\Gico.OrderEvents.csproj", "{0CA17F5D-05C9-4063-AC0B-27E82D8DF15E}"
EndProject
Project("{9A19103F-16F7-4668-BE54-9A1E7A4F7556}") = "Gico.OrderEventsHandler", "Gico.OrderEventsHandler\Gico.OrderEventsHandler.csproj", "{6D522F23-5744-4AAE-9EE2-E4A265EB3BEB}"
EndProject
Project("{9A19103F-16F7-4668-BE54-9A1E7A4F7556}") = "Gico.ShardingDataObject", "Gico.ShardingDataObject\Gico.ShardingDataObject.csproj", "{D0CDF369-36B7-4E5A-99CC-2EC4F0BA814B}"
EndProject
Project("{9A19103F-16F7-4668-BE54-9A1E7A4F7556}") = "Gico.Events", "Gico.Events\Gico.Events.csproj", "{D9744756-7A08-4DC1-97D6-946DA88F92F4}"
EndProject
Project("{9A19103F-16F7-4668-BE54-9A1E7A4F7556}") = "Gico.ReadOrderModels", "Gico.ReadOrderModels\Gico.ReadOrderModels.csproj", "{79A489A2-AABA-4F30-A17A-5F8F338F0F26}"
EndProject
Project("{9A19103F-16F7-4668-BE54-9A1E7A4F7556}") = "Gico.AddressDataObject", "Gico.AddressDataObject\Gico.AddressDataObject.csproj", "{C6706D39-752C-4D48-92D2-96F1B6244E29}"
EndProject
Project("{9A19103F-16F7-4668-BE54-9A1E7A4F7556}") = "Gico.ReadAddressModels", "Gico.ReadAddressModels\Gico.ReadAddressModels.csproj", "{B382BCE6-4178-4BD7-AD9C-05499391F50E}"
EndProject
Project("{9A19103F-16F7-4668-BE54-9A1E7A4F7556}") = "Gico.EsStorage", "Gico.EsStorage\Gico.EsStorage.csproj", "{50F3EDE0-245B-4DAB-B484-734A9FDFDF6B}"
EndProject
Project("{9A19103F-16F7-4668-BE54-9A1E7A4F7556}") = "Gico.Cms", "Gico.Cms\Gico.Cms.csproj", "{CBE8CC97-AA93-4570-85FB-9FA947E1E49E}"
EndProject
Project("{9A19103F-16F7-4668-BE54-9A1E7A4F7556}") = "Gico.FileStorage", "Gico.FileStorage\Gico.FileStorage.csproj", "{72D10815-E821-49F1-8D60-1671DEBDAF37}"
EndProject
Project("{9A19103F-16F7-4668-BE54-9A1E7A4F7556}") = "Gico.CommentDataObject", "Gico.CommentDataObject\Gico.CommentDataObject.csproj", "{5AC669EA-1EE6-4FD2-8D92-BED139E64941}"
EndProject
Project("{9A19103F-16F7-4668-BE54-9A1E7A4F7556}") = "Gico.Oms", "Gico.Oms\Gico.Oms.csproj", "{7F7AD567-6CCF-48B5-A7D7-B875D3C4AC91}"
EndProject
Project("{9A19103F-16F7-4668-BE54-9A1E7A4F7556}") = "Gico.OmsAppService", "Gico.OmsAppService\Gico.OmsAppService.csproj", "{F23326B9-BD24-4C87-88DC-FB6A0AF54D7B}"
EndProject
Project("{9A19103F-16F7-4668-BE54-9A1E7A4F7556}") = "Gico.OmsModels", "Gico.OmsModels\Gico.OmsModels.csproj", "{8C73EB54-A8FC-4E77-85AC-D12470E97F01}"
EndProject
Project("{9A19103F-16F7-4668-BE54-9A1E7A4F7556}") = "Gico.MarketingDataObject", "Gico.MarketingDataObject\Gico.MarketingDataObject.csproj", "{D6094A03-0E41-49A9-B8DF-9BB5A5E7624E}"
EndProject
Project("{9A19103F-16F7-4668-BE54-9A1E7A4F7556}") = "Gico.AppService", "Gico.AppService\Gico.AppService.csproj", "{E9277483-7B2D-4799-A90C-A69D25B2313D}"
EndProject
Project("{9A19103F-16F7-4668-BE54-9A1E7A4F7556}") = "Microsoft.AspNetCore.DataProtection.Redis", "Microsoft.AspNetCore.DataProtection.Redis\Microsoft.AspNetCore.DataProtection.Redis.csproj", "{28ACE027-BAA6-4B9C-8ABE-C6CBBDE181D8}"
EndProject
Project("{9A19103F-16F7-4668-BE54-9A1E7A4F7556}") = "Gico.EmailOrSmsService", "Gico.EmailOrSmsService\Gico.EmailOrSmsService.csproj", "{8E791435-2B76-4DA7-BE7D-C49BBF889CEE}"
EndProject
Project("{9A19103F-16F7-4668-BE54-9A1E7A4F7556}") = "Gico.EmailOrSmsCommands", "Gico.EmailOrSmsCommands\Gico.EmailOrSmsCommands.csproj", "{EAE4BD4C-1BA5-4DAA-B002-F7226962FFC4}"
EndProject
Project("{9A19103F-16F7-4668-BE54-9A1E7A4F7556}") = "Gico.EmailOrSmsDomains", "Gico.EmailOrSmsDomains\Gico.EmailOrSmsDomains.csproj", "{F333DF41-3FEA-4D6F-9BFC-67DCC9DEC1A6}"
EndProject
Project("{9A19103F-16F7-4668-BE54-9A1E7A4F7556}") = "Gico.EmailOrSmsCommandsHandler", "Gico.EmailOrSmsCommandsHandler\Gico.EmailOrSmsCommandsHandler.csproj", "{6D24B446-4542-4A45-BA02-0753C30906BA}"
EndProject
Project("{9A19103F-16F7-4668-BE54-9A1E7A4F7556}") = "Gico.EmailOrSmsDataObject", "Gico.EmailOrSmsDataObject\Gico.EmailOrSmsDataObject.csproj", "{E7E3DF32-00A3-44FA-87B4-F299F0A00C31}"
EndProject
Project("{9A19103F-16F7-4668-BE54-9A1E7A4F7556}") = "Gico.ReadEmailSmsModels", "Gico.ReadEmailSmsModels\Gico.ReadEmailSmsModels.csproj", "{065A5300-CAC0-4783-806B-FC27E98A1AC1}"
EndProject
Project("{9A19103F-16F7-4668-BE54-9A1E7A4F7556}") = "Gico.EmailOrSmsModel", "Gico.EmailOrSmsModel\Gico.EmailOrSmsModel.csproj", "{98749435-362C-45AB-AF31-584BDF89F4D5}"
EndProject
Project("{9A19103F-16F7-4668-BE54-9A1E7A4F7556}") = "Gico.Razor", "Gico.Razor\Gico.Razor.csproj", "{ECD6A51B-8A56-49F7-8ED4-F00203E30B0B}"
EndProject
Project("{9A19103F-16F7-4668-BE54-9A1E7A4F7556}") = "Gico.EmailOrSmsAppService", "Gico.EmailOrSmsAppService\Gico.EmailOrSmsAppService.csproj", "{7B423982-DF0D-4286-B67D-70AB45CE5077}"
EndProject
Project("{9A19103F-16F7-4668-BE54-9A1E7A4F7556}") = "Gico.EmailSmsTemplateModels", "Gico.EmailSmsTemplateModels\Gico.EmailSmsTemplateModels.csproj", "{11BA7544-99E1-4625-AFBB-A98C23C4D314}"
EndProject
Project("{9A19103F-16F7-4668-BE54-9A1E7A4F7556}") = "Gico.SendMail", "Gico.SendMail\Gico.SendMail.csproj", "{CF65D649-6BAB-45A8-8F40-EF62302B30C0}"
EndProject
Project("{9A19103F-16F7-4668-BE54-9A1E7A4F7556}") = "Gico.AddressDomain", "Gico.AddressDomain\Gico.AddressDomain.csproj", "{DC582D70-7717-449A-8A58-CB0DAFEB2334}"
EndProject
Project("{9A19103F-16F7-4668-BE54-9A1E7A4F7556}") = "Gico.MarketingCacheStorage", "Gico.MarketingCacheStorage\Gico.MarketingCacheStorage.csproj", "{06CDAA97-B5F7-4663-9A53-D85E423289BA}"
EndProject
Global
	GlobalSection(SolutionConfigurationPlatforms) = preSolution
		Debug|Any CPU = Debug|Any CPU
		Release|Any CPU = Release|Any CPU
	EndGlobalSection
	GlobalSection(ProjectConfigurationPlatforms) = postSolution
		{8F462AE6-6102-4BFA-A4B2-445CF694EEE3}.Debug|Any CPU.ActiveCfg = Debug|Any CPU
		{8F462AE6-6102-4BFA-A4B2-445CF694EEE3}.Debug|Any CPU.Build.0 = Debug|Any CPU
		{8F462AE6-6102-4BFA-A4B2-445CF694EEE3}.Release|Any CPU.ActiveCfg = Release|Any CPU
		{8F462AE6-6102-4BFA-A4B2-445CF694EEE3}.Release|Any CPU.Build.0 = Release|Any CPU
		{3F94FC21-BC38-4B07-940E-7DE94B3EA744}.Debug|Any CPU.ActiveCfg = Debug|Any CPU
		{3F94FC21-BC38-4B07-940E-7DE94B3EA744}.Debug|Any CPU.Build.0 = Debug|Any CPU
		{3F94FC21-BC38-4B07-940E-7DE94B3EA744}.Release|Any CPU.ActiveCfg = Release|Any CPU
		{3F94FC21-BC38-4B07-940E-7DE94B3EA744}.Release|Any CPU.Build.0 = Release|Any CPU
		{17901534-9E39-4750-827B-9BC54E568922}.Debug|Any CPU.ActiveCfg = Debug|Any CPU
		{17901534-9E39-4750-827B-9BC54E568922}.Debug|Any CPU.Build.0 = Debug|Any CPU
		{17901534-9E39-4750-827B-9BC54E568922}.Release|Any CPU.ActiveCfg = Release|Any CPU
		{17901534-9E39-4750-827B-9BC54E568922}.Release|Any CPU.Build.0 = Release|Any CPU
		{D5132D28-0ACA-4A39-800D-CE73133673A4}.Debug|Any CPU.ActiveCfg = Debug|Any CPU
		{D5132D28-0ACA-4A39-800D-CE73133673A4}.Debug|Any CPU.Build.0 = Debug|Any CPU
		{D5132D28-0ACA-4A39-800D-CE73133673A4}.Release|Any CPU.ActiveCfg = Release|Any CPU
		{D5132D28-0ACA-4A39-800D-CE73133673A4}.Release|Any CPU.Build.0 = Release|Any CPU
		{52AFBDDC-1B3C-474B-BB1A-45260F7DCC30}.Debug|Any CPU.ActiveCfg = Debug|Any CPU
		{52AFBDDC-1B3C-474B-BB1A-45260F7DCC30}.Debug|Any CPU.Build.0 = Debug|Any CPU
		{52AFBDDC-1B3C-474B-BB1A-45260F7DCC30}.Release|Any CPU.ActiveCfg = Release|Any CPU
		{52AFBDDC-1B3C-474B-BB1A-45260F7DCC30}.Release|Any CPU.Build.0 = Release|Any CPU
		{F4F0E502-6432-418F-B8CB-505433834808}.Debug|Any CPU.ActiveCfg = Debug|Any CPU
		{F4F0E502-6432-418F-B8CB-505433834808}.Debug|Any CPU.Build.0 = Debug|Any CPU
		{F4F0E502-6432-418F-B8CB-505433834808}.Release|Any CPU.ActiveCfg = Release|Any CPU
		{F4F0E502-6432-418F-B8CB-505433834808}.Release|Any CPU.Build.0 = Release|Any CPU
		{AF3F8F5E-97C7-4197-835D-5F8F1B4AAD33}.Debug|Any CPU.ActiveCfg = Debug|Any CPU
		{AF3F8F5E-97C7-4197-835D-5F8F1B4AAD33}.Debug|Any CPU.Build.0 = Debug|Any CPU
		{AF3F8F5E-97C7-4197-835D-5F8F1B4AAD33}.Release|Any CPU.ActiveCfg = Release|Any CPU
		{AF3F8F5E-97C7-4197-835D-5F8F1B4AAD33}.Release|Any CPU.Build.0 = Release|Any CPU
		{39AA31C3-D0AE-41EC-872C-5B9EA25F7934}.Debug|Any CPU.ActiveCfg = Debug|Any CPU
		{39AA31C3-D0AE-41EC-872C-5B9EA25F7934}.Debug|Any CPU.Build.0 = Debug|Any CPU
		{39AA31C3-D0AE-41EC-872C-5B9EA25F7934}.Release|Any CPU.ActiveCfg = Release|Any CPU
		{39AA31C3-D0AE-41EC-872C-5B9EA25F7934}.Release|Any CPU.Build.0 = Release|Any CPU
		{C00CE152-026E-4616-9422-57344CF3F387}.Debug|Any CPU.ActiveCfg = Debug|Any CPU
		{C00CE152-026E-4616-9422-57344CF3F387}.Debug|Any CPU.Build.0 = Debug|Any CPU
		{C00CE152-026E-4616-9422-57344CF3F387}.Release|Any CPU.ActiveCfg = Release|Any CPU
		{C00CE152-026E-4616-9422-57344CF3F387}.Release|Any CPU.Build.0 = Release|Any CPU
		{6A619277-8206-4666-83E1-2BB9BC5A8D83}.Debug|Any CPU.ActiveCfg = Debug|Any CPU
		{6A619277-8206-4666-83E1-2BB9BC5A8D83}.Debug|Any CPU.Build.0 = Debug|Any CPU
		{6A619277-8206-4666-83E1-2BB9BC5A8D83}.Release|Any CPU.ActiveCfg = Release|Any CPU
		{6A619277-8206-4666-83E1-2BB9BC5A8D83}.Release|Any CPU.Build.0 = Release|Any CPU
		{56BBEADD-58FB-4FEE-BF40-A8041EB51CBC}.Debug|Any CPU.ActiveCfg = Debug|Any CPU
		{56BBEADD-58FB-4FEE-BF40-A8041EB51CBC}.Debug|Any CPU.Build.0 = Debug|Any CPU
		{56BBEADD-58FB-4FEE-BF40-A8041EB51CBC}.Release|Any CPU.ActiveCfg = Release|Any CPU
		{56BBEADD-58FB-4FEE-BF40-A8041EB51CBC}.Release|Any CPU.Build.0 = Release|Any CPU
		{3D99AEB7-307B-4ECC-BD9B-CD2E8D88FBD1}.Debug|Any CPU.ActiveCfg = Debug|Any CPU
		{3D99AEB7-307B-4ECC-BD9B-CD2E8D88FBD1}.Debug|Any CPU.Build.0 = Debug|Any CPU
		{3D99AEB7-307B-4ECC-BD9B-CD2E8D88FBD1}.Release|Any CPU.ActiveCfg = Release|Any CPU
		{3D99AEB7-307B-4ECC-BD9B-CD2E8D88FBD1}.Release|Any CPU.Build.0 = Release|Any CPU
		{32AC4826-2C88-46F3-821B-7D607FE86637}.Debug|Any CPU.ActiveCfg = Debug|Any CPU
		{32AC4826-2C88-46F3-821B-7D607FE86637}.Debug|Any CPU.Build.0 = Debug|Any CPU
		{32AC4826-2C88-46F3-821B-7D607FE86637}.Release|Any CPU.ActiveCfg = Release|Any CPU
		{32AC4826-2C88-46F3-821B-7D607FE86637}.Release|Any CPU.Build.0 = Release|Any CPU
		{109E3637-35E4-4A25-B8D1-03CBC72249FE}.Debug|Any CPU.ActiveCfg = Debug|Any CPU
		{109E3637-35E4-4A25-B8D1-03CBC72249FE}.Debug|Any CPU.Build.0 = Debug|Any CPU
		{109E3637-35E4-4A25-B8D1-03CBC72249FE}.Release|Any CPU.ActiveCfg = Release|Any CPU
		{109E3637-35E4-4A25-B8D1-03CBC72249FE}.Release|Any CPU.Build.0 = Release|Any CPU
		{6AF4DB96-6E5E-46F2-AAC1-AAC3DA493723}.Debug|Any CPU.ActiveCfg = Debug|Any CPU
		{6AF4DB96-6E5E-46F2-AAC1-AAC3DA493723}.Debug|Any CPU.Build.0 = Debug|Any CPU
		{6AF4DB96-6E5E-46F2-AAC1-AAC3DA493723}.Release|Any CPU.ActiveCfg = Release|Any CPU
		{6AF4DB96-6E5E-46F2-AAC1-AAC3DA493723}.Release|Any CPU.Build.0 = Release|Any CPU
		{EBFE6193-4E53-40D9-B0A7-CA8493AA1142}.Debug|Any CPU.ActiveCfg = Debug|Any CPU
		{EBFE6193-4E53-40D9-B0A7-CA8493AA1142}.Debug|Any CPU.Build.0 = Debug|Any CPU
		{EBFE6193-4E53-40D9-B0A7-CA8493AA1142}.Release|Any CPU.ActiveCfg = Release|Any CPU
		{EBFE6193-4E53-40D9-B0A7-CA8493AA1142}.Release|Any CPU.Build.0 = Release|Any CPU
		{25E6EB39-FCEB-4F78-ACF3-B97DA3A7D8EB}.Debug|Any CPU.ActiveCfg = Debug|Any CPU
		{25E6EB39-FCEB-4F78-ACF3-B97DA3A7D8EB}.Debug|Any CPU.Build.0 = Debug|Any CPU
		{25E6EB39-FCEB-4F78-ACF3-B97DA3A7D8EB}.Release|Any CPU.ActiveCfg = Release|Any CPU
		{25E6EB39-FCEB-4F78-ACF3-B97DA3A7D8EB}.Release|Any CPU.Build.0 = Release|Any CPU
		{6EC7999A-3508-4629-82FC-F1E1DFF16606}.Debug|Any CPU.ActiveCfg = Debug|Any CPU
		{6EC7999A-3508-4629-82FC-F1E1DFF16606}.Debug|Any CPU.Build.0 = Debug|Any CPU
		{6EC7999A-3508-4629-82FC-F1E1DFF16606}.Release|Any CPU.ActiveCfg = Release|Any CPU
		{6EC7999A-3508-4629-82FC-F1E1DFF16606}.Release|Any CPU.Build.0 = Release|Any CPU
		{C6D093C5-1D58-4465-A195-5956D1125346}.Debug|Any CPU.ActiveCfg = Debug|Any CPU
		{C6D093C5-1D58-4465-A195-5956D1125346}.Debug|Any CPU.Build.0 = Debug|Any CPU
		{C6D093C5-1D58-4465-A195-5956D1125346}.Release|Any CPU.ActiveCfg = Release|Any CPU
		{C6D093C5-1D58-4465-A195-5956D1125346}.Release|Any CPU.Build.0 = Release|Any CPU
		{56C3D160-2496-4F1E-9E75-F95FB4BA070B}.Debug|Any CPU.ActiveCfg = Debug|Any CPU
		{56C3D160-2496-4F1E-9E75-F95FB4BA070B}.Debug|Any CPU.Build.0 = Debug|Any CPU
		{56C3D160-2496-4F1E-9E75-F95FB4BA070B}.Release|Any CPU.ActiveCfg = Release|Any CPU
		{56C3D160-2496-4F1E-9E75-F95FB4BA070B}.Release|Any CPU.Build.0 = Release|Any CPU
		{27B6C360-315C-48F9-9D4E-A954067DB14A}.Debug|Any CPU.ActiveCfg = Debug|Any CPU
		{27B6C360-315C-48F9-9D4E-A954067DB14A}.Debug|Any CPU.Build.0 = Debug|Any CPU
		{27B6C360-315C-48F9-9D4E-A954067DB14A}.Release|Any CPU.ActiveCfg = Release|Any CPU
		{27B6C360-315C-48F9-9D4E-A954067DB14A}.Release|Any CPU.Build.0 = Release|Any CPU
		{DD024DC4-E02A-4326-8264-17209474F60F}.Debug|Any CPU.ActiveCfg = Debug|Any CPU
		{DD024DC4-E02A-4326-8264-17209474F60F}.Debug|Any CPU.Build.0 = Debug|Any CPU
		{DD024DC4-E02A-4326-8264-17209474F60F}.Release|Any CPU.ActiveCfg = Release|Any CPU
		{DD024DC4-E02A-4326-8264-17209474F60F}.Release|Any CPU.Build.0 = Release|Any CPU
		{0D18DB85-A3B1-421E-8805-7A58F5DEBAD2}.Debug|Any CPU.ActiveCfg = Debug|Any CPU
		{0D18DB85-A3B1-421E-8805-7A58F5DEBAD2}.Debug|Any CPU.Build.0 = Debug|Any CPU
		{0D18DB85-A3B1-421E-8805-7A58F5DEBAD2}.Release|Any CPU.ActiveCfg = Release|Any CPU
		{0D18DB85-A3B1-421E-8805-7A58F5DEBAD2}.Release|Any CPU.Build.0 = Release|Any CPU
		{A2AB3A0F-7737-42F6-9C4B-C35AC0D209FD}.Debug|Any CPU.ActiveCfg = Debug|Any CPU
		{A2AB3A0F-7737-42F6-9C4B-C35AC0D209FD}.Debug|Any CPU.Build.0 = Debug|Any CPU
		{A2AB3A0F-7737-42F6-9C4B-C35AC0D209FD}.Release|Any CPU.ActiveCfg = Release|Any CPU
		{A2AB3A0F-7737-42F6-9C4B-C35AC0D209FD}.Release|Any CPU.Build.0 = Release|Any CPU
		{B6425D9E-50F3-4289-83D9-2A6AEB3967BD}.Debug|Any CPU.ActiveCfg = Debug|Any CPU
		{B6425D9E-50F3-4289-83D9-2A6AEB3967BD}.Debug|Any CPU.Build.0 = Debug|Any CPU
		{B6425D9E-50F3-4289-83D9-2A6AEB3967BD}.Release|Any CPU.ActiveCfg = Release|Any CPU
		{B6425D9E-50F3-4289-83D9-2A6AEB3967BD}.Release|Any CPU.Build.0 = Release|Any CPU
		{24964A97-7435-4D9C-AD9C-F76D8F2F861B}.Debug|Any CPU.ActiveCfg = Debug|Any CPU
		{24964A97-7435-4D9C-AD9C-F76D8F2F861B}.Debug|Any CPU.Build.0 = Debug|Any CPU
		{24964A97-7435-4D9C-AD9C-F76D8F2F861B}.Release|Any CPU.ActiveCfg = Release|Any CPU
		{24964A97-7435-4D9C-AD9C-F76D8F2F861B}.Release|Any CPU.Build.0 = Release|Any CPU
		{D9A26065-D347-4EC7-89A6-FE1B579EC34E}.Debug|Any CPU.ActiveCfg = Debug|Any CPU
		{D9A26065-D347-4EC7-89A6-FE1B579EC34E}.Debug|Any CPU.Build.0 = Debug|Any CPU
		{D9A26065-D347-4EC7-89A6-FE1B579EC34E}.Release|Any CPU.ActiveCfg = Release|Any CPU
		{D9A26065-D347-4EC7-89A6-FE1B579EC34E}.Release|Any CPU.Build.0 = Release|Any CPU
		{D8D3EEB7-98B1-435A-952A-AA2656864A4E}.Debug|Any CPU.ActiveCfg = Debug|Any CPU
		{D8D3EEB7-98B1-435A-952A-AA2656864A4E}.Debug|Any CPU.Build.0 = Debug|Any CPU
		{D8D3EEB7-98B1-435A-952A-AA2656864A4E}.Release|Any CPU.ActiveCfg = Release|Any CPU
		{D8D3EEB7-98B1-435A-952A-AA2656864A4E}.Release|Any CPU.Build.0 = Release|Any CPU
		{291C901E-7CE5-4FCF-9788-7393B512D165}.Debug|Any CPU.ActiveCfg = Debug|Any CPU
		{291C901E-7CE5-4FCF-9788-7393B512D165}.Debug|Any CPU.Build.0 = Debug|Any CPU
		{291C901E-7CE5-4FCF-9788-7393B512D165}.Release|Any CPU.ActiveCfg = Release|Any CPU
		{291C901E-7CE5-4FCF-9788-7393B512D165}.Release|Any CPU.Build.0 = Release|Any CPU
		{3AAC7F4C-CBC4-467D-B69C-C19097790169}.Debug|Any CPU.ActiveCfg = Debug|Any CPU
		{3AAC7F4C-CBC4-467D-B69C-C19097790169}.Debug|Any CPU.Build.0 = Debug|Any CPU
		{3AAC7F4C-CBC4-467D-B69C-C19097790169}.Release|Any CPU.ActiveCfg = Release|Any CPU
		{3AAC7F4C-CBC4-467D-B69C-C19097790169}.Release|Any CPU.Build.0 = Release|Any CPU
		{98E495BB-E4ED-4DDF-AD20-9BEC1CE8EB4F}.Debug|Any CPU.ActiveCfg = Debug|Any CPU
		{98E495BB-E4ED-4DDF-AD20-9BEC1CE8EB4F}.Debug|Any CPU.Build.0 = Debug|Any CPU
		{98E495BB-E4ED-4DDF-AD20-9BEC1CE8EB4F}.Release|Any CPU.ActiveCfg = Release|Any CPU
		{98E495BB-E4ED-4DDF-AD20-9BEC1CE8EB4F}.Release|Any CPU.Build.0 = Release|Any CPU
		{6B39B49A-BE11-4967-AB46-487FE81B218B}.Debug|Any CPU.ActiveCfg = Debug|Any CPU
		{6B39B49A-BE11-4967-AB46-487FE81B218B}.Debug|Any CPU.Build.0 = Debug|Any CPU
		{6B39B49A-BE11-4967-AB46-487FE81B218B}.Release|Any CPU.ActiveCfg = Release|Any CPU
		{6B39B49A-BE11-4967-AB46-487FE81B218B}.Release|Any CPU.Build.0 = Release|Any CPU
		{07396296-CFBC-4C98-818C-A50918CB0BA0}.Debug|Any CPU.ActiveCfg = Debug|Any CPU
		{07396296-CFBC-4C98-818C-A50918CB0BA0}.Debug|Any CPU.Build.0 = Debug|Any CPU
		{07396296-CFBC-4C98-818C-A50918CB0BA0}.Release|Any CPU.ActiveCfg = Release|Any CPU
		{07396296-CFBC-4C98-818C-A50918CB0BA0}.Release|Any CPU.Build.0 = Release|Any CPU
		{0A1439C0-6441-4A8E-B6A9-52553C955023}.Debug|Any CPU.ActiveCfg = Debug|Any CPU
		{0A1439C0-6441-4A8E-B6A9-52553C955023}.Debug|Any CPU.Build.0 = Debug|Any CPU
		{0A1439C0-6441-4A8E-B6A9-52553C955023}.Release|Any CPU.ActiveCfg = Release|Any CPU
		{0A1439C0-6441-4A8E-B6A9-52553C955023}.Release|Any CPU.Build.0 = Release|Any CPU
		{654C85EF-AA6E-43B5-B63A-A40E3058EC5C}.Debug|Any CPU.ActiveCfg = Debug|Any CPU
		{654C85EF-AA6E-43B5-B63A-A40E3058EC5C}.Debug|Any CPU.Build.0 = Debug|Any CPU
		{654C85EF-AA6E-43B5-B63A-A40E3058EC5C}.Release|Any CPU.ActiveCfg = Release|Any CPU
		{654C85EF-AA6E-43B5-B63A-A40E3058EC5C}.Release|Any CPU.Build.0 = Release|Any CPU
		{759E401C-F85C-43C0-BC68-DEEA22420582}.Debug|Any CPU.ActiveCfg = Debug|Any CPU
		{759E401C-F85C-43C0-BC68-DEEA22420582}.Debug|Any CPU.Build.0 = Debug|Any CPU
		{759E401C-F85C-43C0-BC68-DEEA22420582}.Release|Any CPU.ActiveCfg = Release|Any CPU
		{759E401C-F85C-43C0-BC68-DEEA22420582}.Release|Any CPU.Build.0 = Release|Any CPU
		{B06F0AF5-DAC8-48AE-AB47-E634B6B55B8F}.Debug|Any CPU.ActiveCfg = Debug|Any CPU
		{B06F0AF5-DAC8-48AE-AB47-E634B6B55B8F}.Debug|Any CPU.Build.0 = Debug|Any CPU
		{B06F0AF5-DAC8-48AE-AB47-E634B6B55B8F}.Release|Any CPU.ActiveCfg = Release|Any CPU
		{B06F0AF5-DAC8-48AE-AB47-E634B6B55B8F}.Release|Any CPU.Build.0 = Release|Any CPU
		{19BE6EA2-AA6E-40C4-B6A9-A124AD20E5F6}.Debug|Any CPU.ActiveCfg = Debug|Any CPU
		{19BE6EA2-AA6E-40C4-B6A9-A124AD20E5F6}.Debug|Any CPU.Build.0 = Debug|Any CPU
		{19BE6EA2-AA6E-40C4-B6A9-A124AD20E5F6}.Release|Any CPU.ActiveCfg = Release|Any CPU
		{19BE6EA2-AA6E-40C4-B6A9-A124AD20E5F6}.Release|Any CPU.Build.0 = Release|Any CPU
		{CF08BA40-DE52-4812-97D0-2E4A2BF2EBF2}.Debug|Any CPU.ActiveCfg = Debug|Any CPU
		{CF08BA40-DE52-4812-97D0-2E4A2BF2EBF2}.Debug|Any CPU.Build.0 = Debug|Any CPU
		{CF08BA40-DE52-4812-97D0-2E4A2BF2EBF2}.Release|Any CPU.ActiveCfg = Release|Any CPU
		{CF08BA40-DE52-4812-97D0-2E4A2BF2EBF2}.Release|Any CPU.Build.0 = Release|Any CPU
		{A74552A6-150A-49C6-9BB7-108019DFB07B}.Debug|Any CPU.ActiveCfg = Debug|Any CPU
		{A74552A6-150A-49C6-9BB7-108019DFB07B}.Debug|Any CPU.Build.0 = Debug|Any CPU
		{A74552A6-150A-49C6-9BB7-108019DFB07B}.Release|Any CPU.ActiveCfg = Release|Any CPU
		{A74552A6-150A-49C6-9BB7-108019DFB07B}.Release|Any CPU.Build.0 = Release|Any CPU
		{28F3000B-A683-457E-A6C8-0454B35F070D}.Debug|Any CPU.ActiveCfg = Debug|Any CPU
		{28F3000B-A683-457E-A6C8-0454B35F070D}.Debug|Any CPU.Build.0 = Debug|Any CPU
		{28F3000B-A683-457E-A6C8-0454B35F070D}.Release|Any CPU.ActiveCfg = Release|Any CPU
		{28F3000B-A683-457E-A6C8-0454B35F070D}.Release|Any CPU.Build.0 = Release|Any CPU
		{01615343-8645-4185-A360-42418081C02E}.Debug|Any CPU.ActiveCfg = Debug|Any CPU
		{01615343-8645-4185-A360-42418081C02E}.Debug|Any CPU.Build.0 = Debug|Any CPU
		{01615343-8645-4185-A360-42418081C02E}.Release|Any CPU.ActiveCfg = Release|Any CPU
		{01615343-8645-4185-A360-42418081C02E}.Release|Any CPU.Build.0 = Release|Any CPU
		{DA56F253-8F62-44F8-8294-5F6971CE8A18}.Debug|Any CPU.ActiveCfg = Debug|Any CPU
		{DA56F253-8F62-44F8-8294-5F6971CE8A18}.Debug|Any CPU.Build.0 = Debug|Any CPU
		{DA56F253-8F62-44F8-8294-5F6971CE8A18}.Release|Any CPU.ActiveCfg = Release|Any CPU
		{DA56F253-8F62-44F8-8294-5F6971CE8A18}.Release|Any CPU.Build.0 = Release|Any CPU
		{DE333D84-6757-428B-85F7-585EB29BB099}.Debug|Any CPU.ActiveCfg = Debug|Any CPU
		{DE333D84-6757-428B-85F7-585EB29BB099}.Debug|Any CPU.Build.0 = Debug|Any CPU
		{DE333D84-6757-428B-85F7-585EB29BB099}.Release|Any CPU.ActiveCfg = Release|Any CPU
		{DE333D84-6757-428B-85F7-585EB29BB099}.Release|Any CPU.Build.0 = Release|Any CPU
		{EA0AFE16-EF11-4734-9B93-5A74AB3C8351}.Debug|Any CPU.ActiveCfg = Debug|Any CPU
		{EA0AFE16-EF11-4734-9B93-5A74AB3C8351}.Debug|Any CPU.Build.0 = Debug|Any CPU
		{EA0AFE16-EF11-4734-9B93-5A74AB3C8351}.Release|Any CPU.ActiveCfg = Release|Any CPU
		{EA0AFE16-EF11-4734-9B93-5A74AB3C8351}.Release|Any CPU.Build.0 = Release|Any CPU
		{B652E8B0-8876-44E4-9853-B6009778BA63}.Debug|Any CPU.ActiveCfg = Debug|Any CPU
		{B652E8B0-8876-44E4-9853-B6009778BA63}.Debug|Any CPU.Build.0 = Debug|Any CPU
		{B652E8B0-8876-44E4-9853-B6009778BA63}.Release|Any CPU.ActiveCfg = Release|Any CPU
		{B652E8B0-8876-44E4-9853-B6009778BA63}.Release|Any CPU.Build.0 = Release|Any CPU
		{0CA17F5D-05C9-4063-AC0B-27E82D8DF15E}.Debug|Any CPU.ActiveCfg = Debug|Any CPU
		{0CA17F5D-05C9-4063-AC0B-27E82D8DF15E}.Debug|Any CPU.Build.0 = Debug|Any CPU
		{0CA17F5D-05C9-4063-AC0B-27E82D8DF15E}.Release|Any CPU.ActiveCfg = Release|Any CPU
		{0CA17F5D-05C9-4063-AC0B-27E82D8DF15E}.Release|Any CPU.Build.0 = Release|Any CPU
		{6D522F23-5744-4AAE-9EE2-E4A265EB3BEB}.Debug|Any CPU.ActiveCfg = Debug|Any CPU
		{6D522F23-5744-4AAE-9EE2-E4A265EB3BEB}.Debug|Any CPU.Build.0 = Debug|Any CPU
		{6D522F23-5744-4AAE-9EE2-E4A265EB3BEB}.Release|Any CPU.ActiveCfg = Release|Any CPU
		{6D522F23-5744-4AAE-9EE2-E4A265EB3BEB}.Release|Any CPU.Build.0 = Release|Any CPU
		{D0CDF369-36B7-4E5A-99CC-2EC4F0BA814B}.Debug|Any CPU.ActiveCfg = Debug|Any CPU
		{D0CDF369-36B7-4E5A-99CC-2EC4F0BA814B}.Debug|Any CPU.Build.0 = Debug|Any CPU
		{D0CDF369-36B7-4E5A-99CC-2EC4F0BA814B}.Release|Any CPU.ActiveCfg = Release|Any CPU
		{D0CDF369-36B7-4E5A-99CC-2EC4F0BA814B}.Release|Any CPU.Build.0 = Release|Any CPU
		{D9744756-7A08-4DC1-97D6-946DA88F92F4}.Debug|Any CPU.ActiveCfg = Debug|Any CPU
		{D9744756-7A08-4DC1-97D6-946DA88F92F4}.Debug|Any CPU.Build.0 = Debug|Any CPU
		{D9744756-7A08-4DC1-97D6-946DA88F92F4}.Release|Any CPU.ActiveCfg = Release|Any CPU
		{D9744756-7A08-4DC1-97D6-946DA88F92F4}.Release|Any CPU.Build.0 = Release|Any CPU
		{79A489A2-AABA-4F30-A17A-5F8F338F0F26}.Debug|Any CPU.ActiveCfg = Debug|Any CPU
		{79A489A2-AABA-4F30-A17A-5F8F338F0F26}.Debug|Any CPU.Build.0 = Debug|Any CPU
		{79A489A2-AABA-4F30-A17A-5F8F338F0F26}.Release|Any CPU.ActiveCfg = Release|Any CPU
		{79A489A2-AABA-4F30-A17A-5F8F338F0F26}.Release|Any CPU.Build.0 = Release|Any CPU
		{C6706D39-752C-4D48-92D2-96F1B6244E29}.Debug|Any CPU.ActiveCfg = Debug|Any CPU
		{C6706D39-752C-4D48-92D2-96F1B6244E29}.Debug|Any CPU.Build.0 = Debug|Any CPU
		{C6706D39-752C-4D48-92D2-96F1B6244E29}.Release|Any CPU.ActiveCfg = Release|Any CPU
		{C6706D39-752C-4D48-92D2-96F1B6244E29}.Release|Any CPU.Build.0 = Release|Any CPU
		{B382BCE6-4178-4BD7-AD9C-05499391F50E}.Debug|Any CPU.ActiveCfg = Debug|Any CPU
		{B382BCE6-4178-4BD7-AD9C-05499391F50E}.Debug|Any CPU.Build.0 = Debug|Any CPU
		{B382BCE6-4178-4BD7-AD9C-05499391F50E}.Release|Any CPU.ActiveCfg = Release|Any CPU
		{B382BCE6-4178-4BD7-AD9C-05499391F50E}.Release|Any CPU.Build.0 = Release|Any CPU
		{50F3EDE0-245B-4DAB-B484-734A9FDFDF6B}.Debug|Any CPU.ActiveCfg = Debug|Any CPU
		{50F3EDE0-245B-4DAB-B484-734A9FDFDF6B}.Debug|Any CPU.Build.0 = Debug|Any CPU
		{50F3EDE0-245B-4DAB-B484-734A9FDFDF6B}.Release|Any CPU.ActiveCfg = Release|Any CPU
		{50F3EDE0-245B-4DAB-B484-734A9FDFDF6B}.Release|Any CPU.Build.0 = Release|Any CPU
		{CBE8CC97-AA93-4570-85FB-9FA947E1E49E}.Debug|Any CPU.ActiveCfg = Debug|Any CPU
		{CBE8CC97-AA93-4570-85FB-9FA947E1E49E}.Debug|Any CPU.Build.0 = Debug|Any CPU
		{CBE8CC97-AA93-4570-85FB-9FA947E1E49E}.Release|Any CPU.ActiveCfg = Release|Any CPU
		{CBE8CC97-AA93-4570-85FB-9FA947E1E49E}.Release|Any CPU.Build.0 = Release|Any CPU
		{72D10815-E821-49F1-8D60-1671DEBDAF37}.Debug|Any CPU.ActiveCfg = Debug|Any CPU
		{72D10815-E821-49F1-8D60-1671DEBDAF37}.Debug|Any CPU.Build.0 = Debug|Any CPU
		{72D10815-E821-49F1-8D60-1671DEBDAF37}.Release|Any CPU.ActiveCfg = Release|Any CPU
		{72D10815-E821-49F1-8D60-1671DEBDAF37}.Release|Any CPU.Build.0 = Release|Any CPU
		{5AC669EA-1EE6-4FD2-8D92-BED139E64941}.Debug|Any CPU.ActiveCfg = Debug|Any CPU
		{5AC669EA-1EE6-4FD2-8D92-BED139E64941}.Debug|Any CPU.Build.0 = Debug|Any CPU
		{5AC669EA-1EE6-4FD2-8D92-BED139E64941}.Release|Any CPU.ActiveCfg = Release|Any CPU
		{5AC669EA-1EE6-4FD2-8D92-BED139E64941}.Release|Any CPU.Build.0 = Release|Any CPU
		{7F7AD567-6CCF-48B5-A7D7-B875D3C4AC91}.Debug|Any CPU.ActiveCfg = Debug|Any CPU
		{7F7AD567-6CCF-48B5-A7D7-B875D3C4AC91}.Debug|Any CPU.Build.0 = Debug|Any CPU
		{7F7AD567-6CCF-48B5-A7D7-B875D3C4AC91}.Release|Any CPU.ActiveCfg = Release|Any CPU
		{7F7AD567-6CCF-48B5-A7D7-B875D3C4AC91}.Release|Any CPU.Build.0 = Release|Any CPU
		{F23326B9-BD24-4C87-88DC-FB6A0AF54D7B}.Debug|Any CPU.ActiveCfg = Debug|Any CPU
		{F23326B9-BD24-4C87-88DC-FB6A0AF54D7B}.Debug|Any CPU.Build.0 = Debug|Any CPU
		{F23326B9-BD24-4C87-88DC-FB6A0AF54D7B}.Release|Any CPU.ActiveCfg = Release|Any CPU
		{F23326B9-BD24-4C87-88DC-FB6A0AF54D7B}.Release|Any CPU.Build.0 = Release|Any CPU
		{8C73EB54-A8FC-4E77-85AC-D12470E97F01}.Debug|Any CPU.ActiveCfg = Debug|Any CPU
		{8C73EB54-A8FC-4E77-85AC-D12470E97F01}.Debug|Any CPU.Build.0 = Debug|Any CPU
		{8C73EB54-A8FC-4E77-85AC-D12470E97F01}.Release|Any CPU.ActiveCfg = Release|Any CPU
		{8C73EB54-A8FC-4E77-85AC-D12470E97F01}.Release|Any CPU.Build.0 = Release|Any CPU
		{D6094A03-0E41-49A9-B8DF-9BB5A5E7624E}.Debug|Any CPU.ActiveCfg = Debug|Any CPU
		{D6094A03-0E41-49A9-B8DF-9BB5A5E7624E}.Debug|Any CPU.Build.0 = Debug|Any CPU
		{D6094A03-0E41-49A9-B8DF-9BB5A5E7624E}.Release|Any CPU.ActiveCfg = Release|Any CPU
		{D6094A03-0E41-49A9-B8DF-9BB5A5E7624E}.Release|Any CPU.Build.0 = Release|Any CPU
		{E9277483-7B2D-4799-A90C-A69D25B2313D}.Debug|Any CPU.ActiveCfg = Debug|Any CPU
		{E9277483-7B2D-4799-A90C-A69D25B2313D}.Debug|Any CPU.Build.0 = Debug|Any CPU
		{E9277483-7B2D-4799-A90C-A69D25B2313D}.Release|Any CPU.ActiveCfg = Release|Any CPU
		{E9277483-7B2D-4799-A90C-A69D25B2313D}.Release|Any CPU.Build.0 = Release|Any CPU
		{28ACE027-BAA6-4B9C-8ABE-C6CBBDE181D8}.Debug|Any CPU.ActiveCfg = Debug|Any CPU
		{28ACE027-BAA6-4B9C-8ABE-C6CBBDE181D8}.Debug|Any CPU.Build.0 = Debug|Any CPU
		{28ACE027-BAA6-4B9C-8ABE-C6CBBDE181D8}.Release|Any CPU.ActiveCfg = Release|Any CPU
		{28ACE027-BAA6-4B9C-8ABE-C6CBBDE181D8}.Release|Any CPU.Build.0 = Release|Any CPU
		{8E791435-2B76-4DA7-BE7D-C49BBF889CEE}.Debug|Any CPU.ActiveCfg = Debug|Any CPU
		{8E791435-2B76-4DA7-BE7D-C49BBF889CEE}.Debug|Any CPU.Build.0 = Debug|Any CPU
		{8E791435-2B76-4DA7-BE7D-C49BBF889CEE}.Release|Any CPU.ActiveCfg = Release|Any CPU
		{8E791435-2B76-4DA7-BE7D-C49BBF889CEE}.Release|Any CPU.Build.0 = Release|Any CPU
		{EAE4BD4C-1BA5-4DAA-B002-F7226962FFC4}.Debug|Any CPU.ActiveCfg = Debug|Any CPU
		{EAE4BD4C-1BA5-4DAA-B002-F7226962FFC4}.Debug|Any CPU.Build.0 = Debug|Any CPU
		{EAE4BD4C-1BA5-4DAA-B002-F7226962FFC4}.Release|Any CPU.ActiveCfg = Release|Any CPU
		{EAE4BD4C-1BA5-4DAA-B002-F7226962FFC4}.Release|Any CPU.Build.0 = Release|Any CPU
		{F333DF41-3FEA-4D6F-9BFC-67DCC9DEC1A6}.Debug|Any CPU.ActiveCfg = Debug|Any CPU
		{F333DF41-3FEA-4D6F-9BFC-67DCC9DEC1A6}.Debug|Any CPU.Build.0 = Debug|Any CPU
		{F333DF41-3FEA-4D6F-9BFC-67DCC9DEC1A6}.Release|Any CPU.ActiveCfg = Release|Any CPU
		{F333DF41-3FEA-4D6F-9BFC-67DCC9DEC1A6}.Release|Any CPU.Build.0 = Release|Any CPU
		{6D24B446-4542-4A45-BA02-0753C30906BA}.Debug|Any CPU.ActiveCfg = Debug|Any CPU
		{6D24B446-4542-4A45-BA02-0753C30906BA}.Debug|Any CPU.Build.0 = Debug|Any CPU
		{6D24B446-4542-4A45-BA02-0753C30906BA}.Release|Any CPU.ActiveCfg = Release|Any CPU
		{6D24B446-4542-4A45-BA02-0753C30906BA}.Release|Any CPU.Build.0 = Release|Any CPU
		{E7E3DF32-00A3-44FA-87B4-F299F0A00C31}.Debug|Any CPU.ActiveCfg = Debug|Any CPU
		{E7E3DF32-00A3-44FA-87B4-F299F0A00C31}.Debug|Any CPU.Build.0 = Debug|Any CPU
		{E7E3DF32-00A3-44FA-87B4-F299F0A00C31}.Release|Any CPU.ActiveCfg = Release|Any CPU
		{E7E3DF32-00A3-44FA-87B4-F299F0A00C31}.Release|Any CPU.Build.0 = Release|Any CPU
		{065A5300-CAC0-4783-806B-FC27E98A1AC1}.Debug|Any CPU.ActiveCfg = Debug|Any CPU
		{065A5300-CAC0-4783-806B-FC27E98A1AC1}.Debug|Any CPU.Build.0 = Debug|Any CPU
		{065A5300-CAC0-4783-806B-FC27E98A1AC1}.Release|Any CPU.ActiveCfg = Release|Any CPU
		{065A5300-CAC0-4783-806B-FC27E98A1AC1}.Release|Any CPU.Build.0 = Release|Any CPU
		{98749435-362C-45AB-AF31-584BDF89F4D5}.Debug|Any CPU.ActiveCfg = Debug|Any CPU
		{98749435-362C-45AB-AF31-584BDF89F4D5}.Debug|Any CPU.Build.0 = Debug|Any CPU
		{98749435-362C-45AB-AF31-584BDF89F4D5}.Release|Any CPU.ActiveCfg = Release|Any CPU
		{98749435-362C-45AB-AF31-584BDF89F4D5}.Release|Any CPU.Build.0 = Release|Any CPU
		{ECD6A51B-8A56-49F7-8ED4-F00203E30B0B}.Debug|Any CPU.ActiveCfg = Debug|Any CPU
		{ECD6A51B-8A56-49F7-8ED4-F00203E30B0B}.Debug|Any CPU.Build.0 = Debug|Any CPU
		{ECD6A51B-8A56-49F7-8ED4-F00203E30B0B}.Release|Any CPU.ActiveCfg = Release|Any CPU
		{ECD6A51B-8A56-49F7-8ED4-F00203E30B0B}.Release|Any CPU.Build.0 = Release|Any CPU
		{7B423982-DF0D-4286-B67D-70AB45CE5077}.Debug|Any CPU.ActiveCfg = Debug|Any CPU
		{7B423982-DF0D-4286-B67D-70AB45CE5077}.Debug|Any CPU.Build.0 = Debug|Any CPU
		{7B423982-DF0D-4286-B67D-70AB45CE5077}.Release|Any CPU.ActiveCfg = Release|Any CPU
		{7B423982-DF0D-4286-B67D-70AB45CE5077}.Release|Any CPU.Build.0 = Release|Any CPU
		{11BA7544-99E1-4625-AFBB-A98C23C4D314}.Debug|Any CPU.ActiveCfg = Debug|Any CPU
		{11BA7544-99E1-4625-AFBB-A98C23C4D314}.Debug|Any CPU.Build.0 = Debug|Any CPU
		{11BA7544-99E1-4625-AFBB-A98C23C4D314}.Release|Any CPU.ActiveCfg = Release|Any CPU
		{11BA7544-99E1-4625-AFBB-A98C23C4D314}.Release|Any CPU.Build.0 = Release|Any CPU
		{CF65D649-6BAB-45A8-8F40-EF62302B30C0}.Debug|Any CPU.ActiveCfg = Debug|Any CPU
		{CF65D649-6BAB-45A8-8F40-EF62302B30C0}.Debug|Any CPU.Build.0 = Debug|Any CPU
		{CF65D649-6BAB-45A8-8F40-EF62302B30C0}.Release|Any CPU.ActiveCfg = Release|Any CPU
		{CF65D649-6BAB-45A8-8F40-EF62302B30C0}.Release|Any CPU.Build.0 = Release|Any CPU
		{DC582D70-7717-449A-8A58-CB0DAFEB2334}.Debug|Any CPU.ActiveCfg = Debug|Any CPU
		{DC582D70-7717-449A-8A58-CB0DAFEB2334}.Debug|Any CPU.Build.0 = Debug|Any CPU
		{DC582D70-7717-449A-8A58-CB0DAFEB2334}.Release|Any CPU.ActiveCfg = Release|Any CPU
		{DC582D70-7717-449A-8A58-CB0DAFEB2334}.Release|Any CPU.Build.0 = Release|Any CPU
		{06CDAA97-B5F7-4663-9A53-D85E423289BA}.Debug|Any CPU.ActiveCfg = Debug|Any CPU
		{06CDAA97-B5F7-4663-9A53-D85E423289BA}.Debug|Any CPU.Build.0 = Debug|Any CPU
		{06CDAA97-B5F7-4663-9A53-D85E423289BA}.Release|Any CPU.ActiveCfg = Release|Any CPU
		{06CDAA97-B5F7-4663-9A53-D85E423289BA}.Release|Any CPU.Build.0 = Release|Any CPU
	EndGlobalSection
	GlobalSection(SolutionProperties) = preSolution
		HideSolutionNode = FALSE
	EndGlobalSection
	GlobalSection(NestedProjects) = preSolution
		{8F462AE6-6102-4BFA-A4B2-445CF694EEE3} = {F91DAD98-8BAC-46EE-8B30-1A953BA0FB17}
		{3F94FC21-BC38-4B07-940E-7DE94B3EA744} = {8BACB55B-FE1F-4156-B173-42FC6FDAC25E}
		{17901534-9E39-4750-827B-9BC54E568922} = {9986E68A-53B2-4DB7-9068-42AE66C55CC4}
		{D5132D28-0ACA-4A39-800D-CE73133673A4} = {9986E68A-53B2-4DB7-9068-42AE66C55CC4}
		{52AFBDDC-1B3C-474B-BB1A-45260F7DCC30} = {9986E68A-53B2-4DB7-9068-42AE66C55CC4}
		{F4F0E502-6432-418F-B8CB-505433834808} = {9986E68A-53B2-4DB7-9068-42AE66C55CC4}
		{AF3F8F5E-97C7-4197-835D-5F8F1B4AAD33} = {9986E68A-53B2-4DB7-9068-42AE66C55CC4}
		{39AA31C3-D0AE-41EC-872C-5B9EA25F7934} = {9986E68A-53B2-4DB7-9068-42AE66C55CC4}
		{B5874396-EF14-4162-B88F-195505370D86} = {5E5889BE-9611-4FD3-B4B1-E183A409600D}
		{A93BC807-84DF-40FC-8527-3B6D44533F3D} = {5E5889BE-9611-4FD3-B4B1-E183A409600D}
		{FA5C971E-7F39-460D-83E4-AA6676D5B202} = {5E5889BE-9611-4FD3-B4B1-E183A409600D}
		{00E5BDE2-0B85-4CF0-BF51-28FBE52979A3} = {5E5889BE-9611-4FD3-B4B1-E183A409600D}
		{53C9A271-1D96-4973-98F5-590B63BAE37D} = {5E5889BE-9611-4FD3-B4B1-E183A409600D}
		{51FE3265-45AA-4ED0-81FE-9CA34622AFCE} = {53C9A271-1D96-4973-98F5-590B63BAE37D}
		{C1E2CBDF-570B-487D-9C97-C52C88D5BDC3} = {53C9A271-1D96-4973-98F5-590B63BAE37D}
		{786D1EAE-E31E-40A6-86BF-15BFD0D29E23} = {53C9A271-1D96-4973-98F5-590B63BAE37D}
		{54F41EFC-A3B0-4A5C-AE94-A42AAFE9CBC9} = {53C9A271-1D96-4973-98F5-590B63BAE37D}
		{8DC64EB0-5CBA-4BA8-B920-992CB4D0E4D3} = {00E5BDE2-0B85-4CF0-BF51-28FBE52979A3}
		{6FF1F81B-3396-43AB-97F0-E3F9D57EB15C} = {00E5BDE2-0B85-4CF0-BF51-28FBE52979A3}
		{62C9BBCA-047F-4502-8D6B-27A79306F25E} = {B5874396-EF14-4162-B88F-195505370D86}
		{841581F0-97C4-4CFB-A55F-7D46EB8320DF} = {B5874396-EF14-4162-B88F-195505370D86}
		{A3764E45-2364-4DE4-804F-C9E23B456A8F} = {B5874396-EF14-4162-B88F-195505370D86}
		{E42C4DBF-F6B2-4B68-9164-4C28C164B6D8} = {B5874396-EF14-4162-B88F-195505370D86}
		{C00CE152-026E-4616-9422-57344CF3F387} = {54F41EFC-A3B0-4A5C-AE94-A42AAFE9CBC9}
		{6A619277-8206-4666-83E1-2BB9BC5A8D83} = {786D1EAE-E31E-40A6-86BF-15BFD0D29E23}
		{56BBEADD-58FB-4FEE-BF40-A8041EB51CBC} = {786D1EAE-E31E-40A6-86BF-15BFD0D29E23}
		{3D99AEB7-307B-4ECC-BD9B-CD2E8D88FBD1} = {C1E2CBDF-570B-487D-9C97-C52C88D5BDC3}
		{32AC4826-2C88-46F3-821B-7D607FE86637} = {51FE3265-45AA-4ED0-81FE-9CA34622AFCE}
		{109E3637-35E4-4A25-B8D1-03CBC72249FE} = {51FE3265-45AA-4ED0-81FE-9CA34622AFCE}
		{6AF4DB96-6E5E-46F2-AAC1-AAC3DA493723} = {8DC64EB0-5CBA-4BA8-B920-992CB4D0E4D3}
		{EBFE6193-4E53-40D9-B0A7-CA8493AA1142} = {FA5C971E-7F39-460D-83E4-AA6676D5B202}
		{25E6EB39-FCEB-4F78-ACF3-B97DA3A7D8EB} = {FA5C971E-7F39-460D-83E4-AA6676D5B202}
		{6EC7999A-3508-4629-82FC-F1E1DFF16606} = {A93BC807-84DF-40FC-8527-3B6D44533F3D}
		{C6D093C5-1D58-4465-A195-5956D1125346} = {A93BC807-84DF-40FC-8527-3B6D44533F3D}
		{56C3D160-2496-4F1E-9E75-F95FB4BA070B} = {A93BC807-84DF-40FC-8527-3B6D44533F3D}
		{27B6C360-315C-48F9-9D4E-A954067DB14A} = {A93BC807-84DF-40FC-8527-3B6D44533F3D}
		{DD024DC4-E02A-4326-8264-17209474F60F} = {A93BC807-84DF-40FC-8527-3B6D44533F3D}
		{0D18DB85-A3B1-421E-8805-7A58F5DEBAD2} = {E42C4DBF-F6B2-4B68-9164-4C28C164B6D8}
		{A2AB3A0F-7737-42F6-9C4B-C35AC0D209FD} = {E42C4DBF-F6B2-4B68-9164-4C28C164B6D8}
		{B6425D9E-50F3-4289-83D9-2A6AEB3967BD} = {A3764E45-2364-4DE4-804F-C9E23B456A8F}
		{24964A97-7435-4D9C-AD9C-F76D8F2F861B} = {A3764E45-2364-4DE4-804F-C9E23B456A8F}
		{D9A26065-D347-4EC7-89A6-FE1B579EC34E} = {786D1EAE-E31E-40A6-86BF-15BFD0D29E23}
		{D8D3EEB7-98B1-435A-952A-AA2656864A4E} = {A93BC807-84DF-40FC-8527-3B6D44533F3D}
		{291C901E-7CE5-4FCF-9788-7393B512D165} = {C1E2CBDF-570B-487D-9C97-C52C88D5BDC3}
		{3AAC7F4C-CBC4-467D-B69C-C19097790169} = {C1E2CBDF-570B-487D-9C97-C52C88D5BDC3}
		{98E495BB-E4ED-4DDF-AD20-9BEC1CE8EB4F} = {54F41EFC-A3B0-4A5C-AE94-A42AAFE9CBC9}
		{6B39B49A-BE11-4967-AB46-487FE81B218B} = {8DC64EB0-5CBA-4BA8-B920-992CB4D0E4D3}
		{07396296-CFBC-4C98-818C-A50918CB0BA0} = {786D1EAE-E31E-40A6-86BF-15BFD0D29E23}
		{0A1439C0-6441-4A8E-B6A9-52553C955023} = {FA5C971E-7F39-460D-83E4-AA6676D5B202}
		{654C85EF-AA6E-43B5-B63A-A40E3058EC5C} = {54F41EFC-A3B0-4A5C-AE94-A42AAFE9CBC9}
		{759E401C-F85C-43C0-BC68-DEEA22420582} = {51FE3265-45AA-4ED0-81FE-9CA34622AFCE}
		{B06F0AF5-DAC8-48AE-AB47-E634B6B55B8F} = {51FE3265-45AA-4ED0-81FE-9CA34622AFCE}
		{19BE6EA2-AA6E-40C4-B6A9-A124AD20E5F6} = {E42C4DBF-F6B2-4B68-9164-4C28C164B6D8}
		{CF08BA40-DE52-4812-97D0-2E4A2BF2EBF2} = {A93BC807-84DF-40FC-8527-3B6D44533F3D}
		{A74552A6-150A-49C6-9BB7-108019DFB07B} = {8DC64EB0-5CBA-4BA8-B920-992CB4D0E4D3}
		{28F3000B-A683-457E-A6C8-0454B35F070D} = {FA5C971E-7F39-460D-83E4-AA6676D5B202}
		{01615343-8645-4185-A360-42418081C02E} = {51FE3265-45AA-4ED0-81FE-9CA34622AFCE}
		{DA56F253-8F62-44F8-8294-5F6971CE8A18} = {54F41EFC-A3B0-4A5C-AE94-A42AAFE9CBC9}
		{DE333D84-6757-428B-85F7-585EB29BB099} = {51FE3265-45AA-4ED0-81FE-9CA34622AFCE}
		{EA0AFE16-EF11-4734-9B93-5A74AB3C8351} = {9986E68A-53B2-4DB7-9068-42AE66C55CC4}
		{B652E8B0-8876-44E4-9853-B6009778BA63} = {54F41EFC-A3B0-4A5C-AE94-A42AAFE9CBC9}
		{0CA17F5D-05C9-4063-AC0B-27E82D8DF15E} = {C1E2CBDF-570B-487D-9C97-C52C88D5BDC3}
		{6D522F23-5744-4AAE-9EE2-E4A265EB3BEB} = {C1E2CBDF-570B-487D-9C97-C52C88D5BDC3}
		{D0CDF369-36B7-4E5A-99CC-2EC4F0BA814B} = {54F41EFC-A3B0-4A5C-AE94-A42AAFE9CBC9}
		{D9744756-7A08-4DC1-97D6-946DA88F92F4} = {C1E2CBDF-570B-487D-9C97-C52C88D5BDC3}
		{79A489A2-AABA-4F30-A17A-5F8F338F0F26} = {8DC64EB0-5CBA-4BA8-B920-992CB4D0E4D3}
		{C6706D39-752C-4D48-92D2-96F1B6244E29} = {54F41EFC-A3B0-4A5C-AE94-A42AAFE9CBC9}
		{B382BCE6-4178-4BD7-AD9C-05499391F50E} = {8DC64EB0-5CBA-4BA8-B920-992CB4D0E4D3}
		{50F3EDE0-245B-4DAB-B484-734A9FDFDF6B} = {54F41EFC-A3B0-4A5C-AE94-A42AAFE9CBC9}
		{CBE8CC97-AA93-4570-85FB-9FA947E1E49E} = {A3764E45-2364-4DE4-804F-C9E23B456A8F}
		{72D10815-E821-49F1-8D60-1671DEBDAF37} = {54F41EFC-A3B0-4A5C-AE94-A42AAFE9CBC9}
		{5AC669EA-1EE6-4FD2-8D92-BED139E64941} = {54F41EFC-A3B0-4A5C-AE94-A42AAFE9CBC9}
		{7F7AD567-6CCF-48B5-A7D7-B875D3C4AC91} = {A3764E45-2364-4DE4-804F-C9E23B456A8F}
		{F23326B9-BD24-4C87-88DC-FB6A0AF54D7B} = {A93BC807-84DF-40FC-8527-3B6D44533F3D}
		{8C73EB54-A8FC-4E77-85AC-D12470E97F01} = {A93BC807-84DF-40FC-8527-3B6D44533F3D}
		{D6094A03-0E41-49A9-B8DF-9BB5A5E7624E} = {54F41EFC-A3B0-4A5C-AE94-A42AAFE9CBC9}
		{E9277483-7B2D-4799-A90C-A69D25B2313D} = {A93BC807-84DF-40FC-8527-3B6D44533F3D}
		{28ACE027-BAA6-4B9C-8ABE-C6CBBDE181D8} = {9986E68A-53B2-4DB7-9068-42AE66C55CC4}
		{8E791435-2B76-4DA7-BE7D-C49BBF889CEE} = {FA5C971E-7F39-460D-83E4-AA6676D5B202}
		{EAE4BD4C-1BA5-4DAA-B002-F7226962FFC4} = {51FE3265-45AA-4ED0-81FE-9CA34622AFCE}
		{F333DF41-3FEA-4D6F-9BFC-67DCC9DEC1A6} = {786D1EAE-E31E-40A6-86BF-15BFD0D29E23}
		{6D24B446-4542-4A45-BA02-0753C30906BA} = {51FE3265-45AA-4ED0-81FE-9CA34622AFCE}
		{E7E3DF32-00A3-44FA-87B4-F299F0A00C31} = {54F41EFC-A3B0-4A5C-AE94-A42AAFE9CBC9}
		{065A5300-CAC0-4783-806B-FC27E98A1AC1} = {8DC64EB0-5CBA-4BA8-B920-992CB4D0E4D3}
		{98749435-362C-45AB-AF31-584BDF89F4D5} = {A93BC807-84DF-40FC-8527-3B6D44533F3D}
		{ECD6A51B-8A56-49F7-8ED4-F00203E30B0B} = {9986E68A-53B2-4DB7-9068-42AE66C55CC4}
		{7B423982-DF0D-4286-B67D-70AB45CE5077} = {A93BC807-84DF-40FC-8527-3B6D44533F3D}
		{11BA7544-99E1-4625-AFBB-A98C23C4D314} = {A93BC807-84DF-40FC-8527-3B6D44533F3D}
		{CF65D649-6BAB-45A8-8F40-EF62302B30C0} = {9986E68A-53B2-4DB7-9068-42AE66C55CC4}
		{DC582D70-7717-449A-8A58-CB0DAFEB2334} = {786D1EAE-E31E-40A6-86BF-15BFD0D29E23}
		{06CDAA97-B5F7-4663-9A53-D85E423289BA} = {54F41EFC-A3B0-4A5C-AE94-A42AAFE9CBC9}
	EndGlobalSection
	GlobalSection(ExtensibilityGlobals) = postSolution
		SolutionGuid = {8EF9BAAA-D2AA-4E42-8334-2FD02D0F05AC}
	EndGlobalSection
	GlobalSection(TeamFoundationVersionControl) = preSolution
		SccNumberOfProjects = 77
		SccEnterpriseProvider = {4CA58AB2-18FA-4F8D-95D4-32DDF27D184C}
		SccTeamFoundationServer = http://tfs.daihungtinh.com/gico
		SccProjectUniqueName0 = Gico.ConsoleApp\\Gico.ConsoleApp.csproj
		SccProjectTopLevelParentUniqueName0 = Gico.sln
		SccProjectName0 = Gico.ConsoleApp
		SccLocalPath0 = Gico.ConsoleApp
		SccProjectUniqueName1 = Gico.CQRS\\Gico.CQRS.csproj
		SccProjectTopLevelParentUniqueName1 = Gico.sln
		SccProjectName1 = Gico.CQRS
		SccLocalPath1 = Gico.CQRS
		SccProjectUniqueName2 = Gico.Tracking\\Gico.Tracking.csproj
		SccProjectTopLevelParentUniqueName2 = Gico.sln
		SccProjectName2 = Gico.Tracking
		SccLocalPath2 = Gico.Tracking
		SccProjectUniqueName3 = Gico.Resilience.Http\\Gico.Resilience.Http.csproj
		SccProjectTopLevelParentUniqueName3 = Gico.sln
		SccProjectName3 = Gico.Resilience.Http
		SccLocalPath3 = Gico.Resilience.Http
		SccProjectUniqueName4 = Gico.DataObject\\Gico.DataObject.csproj
		SccProjectTopLevelParentUniqueName4 = Gico.sln
		SccProjectName4 = Gico.DataObject
		SccLocalPath4 = Gico.DataObject
		SccProjectUniqueName5 = Gico.Config\\Gico.Config.csproj
		SccProjectTopLevelParentUniqueName5 = Gico.sln
		SccProjectName5 = Gico.Config
		SccLocalPath5 = Gico.Config
		SccProjectUniqueName6 = Gico.Common\\Gico.Common.csproj
		SccProjectTopLevelParentUniqueName6 = Gico.sln
		SccProjectName6 = Gico.Common
		SccLocalPath6 = Gico.Common
		SccLocalPath7 = .
		SccProjectUniqueName8 = Gico.Caching\\Gico.Caching.csproj
		SccProjectTopLevelParentUniqueName8 = Gico.sln
		SccProjectName8 = Gico.Caching
		SccLocalPath8 = Gico.Caching
		SccProjectUniqueName9 = Gico.FileDataObject\\Gico.FileDataObject.csproj
		SccProjectTopLevelParentUniqueName9 = Gico.sln
		SccProjectName9 = Gico.FileDataObject
		SccLocalPath9 = Gico.FileDataObject
		SccProjectUniqueName10 = Gico.FileDomains\\Gico.FileDomains.csproj
		SccProjectTopLevelParentUniqueName10 = Gico.sln
		SccProjectName10 = Gico.FileDomains
		SccLocalPath10 = Gico.FileDomains
		SccProjectUniqueName11 = Gico.Domains\\Gico.Domains.csproj
		SccProjectTopLevelParentUniqueName11 = Gico.sln
		SccProjectName11 = Gico.Domains
		SccLocalPath11 = Gico.Domains
		SccProjectUniqueName12 = Gico.EventsHandler\\Gico.EventsHandler.csproj
		SccProjectTopLevelParentUniqueName12 = Gico.sln
		SccProjectName12 = Gico.EventsHandler
		SccLocalPath12 = Gico.EventsHandler
		SccProjectUniqueName13 = Gico.FileCommandsHandler\\Gico.FileCommandsHandler.csproj
		SccProjectTopLevelParentUniqueName13 = Gico.sln
		SccProjectName13 = Gico.FileCommandsHandler
		SccLocalPath13 = Gico.FileCommandsHandler
		SccProjectUniqueName14 = Gico.FileCommands\\Gico.FileCommands.csproj
		SccProjectTopLevelParentUniqueName14 = Gico.sln
		SccProjectName14 = Gico.FileCommands
		SccLocalPath14 = Gico.FileCommands
		SccProjectUniqueName15 = Gico.ReadModels\\Gico.ReadModels.csproj
		SccProjectTopLevelParentUniqueName15 = Gico.sln
		SccProjectName15 = Gico.ReadModels
		SccLocalPath15 = Gico.ReadModels
		SccProjectUniqueName16 = Gico.ShardingConfigService\\Gico.ShardingConfigService.csproj
		SccProjectTopLevelParentUniqueName16 = Gico.sln
		SccProjectName16 = Gico.ShardingConfigService
		SccLocalPath16 = Gico.ShardingConfigService
		SccProjectUniqueName17 = Gico.FileService\\Gico.FileService.csproj
		SccProjectTopLevelParentUniqueName17 = Gico.sln
		SccProjectName17 = Gico.FileService
		SccLocalPath17 = Gico.FileService
		SccProjectUniqueName18 = Gico.SystemModels\\Gico.SystemModels.csproj
		SccProjectTopLevelParentUniqueName18 = Gico.sln
		SccProjectName18 = Gico.SystemModels
		SccLocalPath18 = Gico.SystemModels
		SccProjectUniqueName19 = Gico.SystemAppService\\Gico.SystemAppService.csproj
		SccProjectTopLevelParentUniqueName19 = Gico.sln
		SccProjectName19 = Gico.SystemAppService
		SccLocalPath19 = Gico.SystemAppService
		SccProjectUniqueName20 = Gico.Models\\Gico.Models.csproj
		SccProjectTopLevelParentUniqueName20 = Gico.sln
		SccProjectName20 = Gico.Models
		SccLocalPath20 = Gico.Models
		SccProjectUniqueName21 = Gico.FileModels\\Gico.FileModels.csproj
		SccProjectTopLevelParentUniqueName21 = Gico.sln
		SccProjectName21 = Gico.FileModels
		SccLocalPath21 = Gico.FileModels
		SccProjectUniqueName22 = Gico.FileAppService\\Gico.FileAppService.csproj
		SccProjectTopLevelParentUniqueName22 = Gico.sln
		SccProjectName22 = Gico.FileAppService
		SccLocalPath22 = Gico.FileAppService
		SccProjectUniqueName23 = Gico.ProcessEventWk\\Gico.ProcessEventWk.csproj
		SccProjectTopLevelParentUniqueName23 = Gico.sln
		SccProjectName23 = Gico.ProcessEventWk
		SccLocalPath23 = Gico.ProcessEventWk
		SccProjectUniqueName24 = Gico.ProcessCommandWk\\Gico.ProcessCommandWk.csproj
		SccProjectTopLevelParentUniqueName24 = Gico.sln
		SccProjectName24 = Gico.ProcessCommandWk
		SccLocalPath24 = Gico.ProcessCommandWk
		SccProjectUniqueName25 = Gico.FrontEnd\\Gico.FrontEnd.csproj
		SccProjectTopLevelParentUniqueName25 = Gico.sln
		SccProjectName25 = Gico.FrontEnd
		SccLocalPath25 = Gico.FrontEnd
		SccProjectUniqueName26 = Gico.Cdn\\Gico.Cdn.csproj
		SccProjectTopLevelParentUniqueName26 = Gico.sln
		SccProjectName26 = Gico.Cdn
		SccLocalPath26 = Gico.Cdn
		SccProjectUniqueName27 = Gico.OrderDomains\\Gico.OrderDomains.csproj
		SccProjectTopLevelParentUniqueName27 = Gico.sln
		SccProjectName27 = Gico.OrderDomains
		SccLocalPath27 = Gico.OrderDomains
		SccProjectUniqueName28 = Gico.FrontEndModels\\Gico.FrontEndModels.csproj
		SccProjectTopLevelParentUniqueName28 = Gico.sln
		SccProjectName28 = Gico.FrontEndModels
		SccLocalPath28 = Gico.FrontEndModels
		SccProjectUniqueName29 = Gico.SystemEvents\\Gico.SystemEvents.csproj
		SccProjectTopLevelParentUniqueName29 = Gico.sln
		SccProjectName29 = Gico.SystemEvents
		SccLocalPath29 = Gico.SystemEvents
		SccProjectUniqueName30 = Gico.SystemEventsHandler\\Gico.SystemEventsHandler.csproj
		SccProjectTopLevelParentUniqueName30 = Gico.sln
		SccProjectName30 = Gico.SystemEventsHandler
		SccLocalPath30 = Gico.SystemEventsHandler
		SccProjectUniqueName31 = Gico.SystemCacheStorage\\Gico.SystemCacheStorage.csproj
		SccProjectTopLevelParentUniqueName31 = Gico.sln
		SccProjectName31 = Gico.SystemCacheStorage
		SccLocalPath31 = Gico.SystemCacheStorage
		SccProjectUniqueName32 = Gico.ReadSystemModels\\Gico.ReadSystemModels.csproj
		SccProjectTopLevelParentUniqueName32 = Gico.sln
		SccProjectName32 = Gico.ReadSystemModels
		SccLocalPath32 = Gico.ReadSystemModels
		SccProjectUniqueName33 = Gico.SystemDomains\\Gico.SystemDomains.csproj
		SccProjectTopLevelParentUniqueName33 = Gico.sln
		SccProjectName33 = Gico.SystemDomains
		SccLocalPath33 = Gico.SystemDomains
		SccProjectUniqueName34 = Gico.SystemService\\Gico.SystemService.csproj
		SccProjectTopLevelParentUniqueName34 = Gico.sln
		SccProjectName34 = Gico.SystemService
		SccLocalPath34 = Gico.SystemService
		SccProjectUniqueName35 = Gico.SystemDataObject\\Gico.SystemDataObject.csproj
		SccProjectTopLevelParentUniqueName35 = Gico.sln
		SccProjectName35 = Gico.SystemDataObject
		SccLocalPath35 = Gico.SystemDataObject
		SccProjectUniqueName36 = Gico.SystemCommands\\Gico.SystemCommands.csproj
		SccProjectTopLevelParentUniqueName36 = Gico.sln
		SccProjectName36 = Gico.SystemCommands
		SccLocalPath36 = Gico.SystemCommands
		SccProjectUniqueName37 = Gico.SystemCommandsHandler\\Gico.SystemCommandsHandler.csproj
		SccProjectTopLevelParentUniqueName37 = Gico.sln
		SccProjectName37 = Gico.SystemCommandsHandler
		SccLocalPath37 = Gico.SystemCommandsHandler
		SccProjectUniqueName38 = Gico.EventInitWk\\Gico.EventInitWk.csproj
		SccProjectTopLevelParentUniqueName38 = Gico.sln
		SccProjectName38 = Gico.EventInitWk
		SccLocalPath38 = Gico.EventInitWk
		SccProjectUniqueName39 = Gico.FrontEndAppService\\Gico.FrontEndAppService.csproj
		SccProjectTopLevelParentUniqueName39 = Gico.sln
		SccProjectName39 = Gico.FrontEndAppService
		SccLocalPath39 = Gico.FrontEndAppService
		SccProjectUniqueName40 = Gico.ReadCartModels\\Gico.ReadCartModels.csproj
		SccProjectTopLevelParentUniqueName40 = Gico.sln
		SccProjectName40 = Gico.ReadCartModels
		SccLocalPath40 = Gico.ReadCartModels
		SccProjectUniqueName41 = Gico.OrderService\\Gico.OrderService.csproj
		SccProjectTopLevelParentUniqueName41 = Gico.sln
		SccProjectName41 = Gico.OrderService
		SccLocalPath41 = Gico.OrderService
		SccProjectUniqueName42 = Gico.OrderCommands\\Gico.OrderCommands.csproj
		SccProjectTopLevelParentUniqueName42 = Gico.sln
		SccProjectName42 = Gico.OrderCommands
		SccLocalPath42 = Gico.OrderCommands
		SccProjectUniqueName43 = Gico.OrderDataObject\\Gico.OrderDataObject.csproj
		SccProjectTopLevelParentUniqueName43 = Gico.sln
		SccProjectName43 = Gico.OrderDataObject
		SccLocalPath43 = Gico.OrderDataObject
		SccProjectUniqueName44 = Gico.OrderCommandsHandler\\Gico.OrderCommandsHandler.csproj
		SccProjectTopLevelParentUniqueName44 = Gico.sln
		SccProjectName44 = Gico.OrderCommandsHandler
		SccLocalPath44 = Gico.OrderCommandsHandler
		SccProjectUniqueName45 = Gico.ExceptionDefine\\Gico.ExceptionDefine.csproj
		SccProjectTopLevelParentUniqueName45 = Gico.sln
		SccProjectName45 = Gico.ExceptionDefine
		SccLocalPath45 = Gico.ExceptionDefine
		SccProjectUniqueName46 = Gico.OrderCacheStorage\\Gico.OrderCacheStorage.csproj
		SccProjectTopLevelParentUniqueName46 = Gico.sln
		SccProjectName46 = Gico.OrderCacheStorage
		SccLocalPath46 = Gico.OrderCacheStorage
		SccProjectUniqueName47 = Gico.OrderEvents\\Gico.OrderEvents.csproj
		SccProjectTopLevelParentUniqueName47 = Gico.sln
		SccProjectName47 = Gico.OrderEvents
		SccLocalPath47 = Gico.OrderEvents
		SccProjectUniqueName48 = Gico.OrderEventsHandler\\Gico.OrderEventsHandler.csproj
		SccProjectTopLevelParentUniqueName48 = Gico.sln
		SccProjectName48 = Gico.OrderEventsHandler
		SccLocalPath48 = Gico.OrderEventsHandler
		SccProjectUniqueName49 = Gico.ShardingDataObject\\Gico.ShardingDataObject.csproj
		SccProjectTopLevelParentUniqueName49 = Gico.sln
		SccProjectName49 = Gico.ShardingDataObject
		SccLocalPath49 = Gico.ShardingDataObject
		SccProjectUniqueName50 = Gico.Events\\Gico.Events.csproj
		SccProjectTopLevelParentUniqueName50 = Gico.sln
		SccProjectName50 = Gico.Events
		SccLocalPath50 = Gico.Events
		SccProjectUniqueName51 = Gico.ReadOrderModels\\Gico.ReadOrderModels.csproj
		SccProjectTopLevelParentUniqueName51 = Gico.sln
		SccProjectName51 = Gico.ReadOrderModels
		SccLocalPath51 = Gico.ReadOrderModels
		SccProjectUniqueName52 = Gico.AddressDataObject\\Gico.AddressDataObject.csproj
		SccProjectTopLevelParentUniqueName52 = Gico.sln
		SccProjectName52 = Gico.AddressDataObject
		SccLocalPath52 = Gico.AddressDataObject
		SccProjectUniqueName53 = Gico.ReadAddressModels\\Gico.ReadAddressModels.csproj
		SccProjectTopLevelParentUniqueName53 = Gico.sln
		SccProjectName53 = Gico.ReadAddressModels
		SccLocalPath53 = Gico.ReadAddressModels
		SccProjectUniqueName54 = Gico.EsStorage\\Gico.EsStorage.csproj
		SccProjectTopLevelParentUniqueName54 = Gico.sln
		SccProjectName54 = Gico.EsStorage
		SccLocalPath54 = Gico.EsStorage
		SccProjectUniqueName55 = Gico.Cms\\Gico.Cms.csproj
		SccProjectTopLevelParentUniqueName55 = Gico.sln
		SccProjectName55 = Gico.Cms
		SccLocalPath55 = Gico.Cms
		SccProjectUniqueName56 = Gico.FileStorage\\Gico.FileStorage.csproj
		SccProjectTopLevelParentUniqueName56 = Gico.sln
		SccProjectName56 = Gico.FileStorage
		SccLocalPath56 = Gico.FileStorage
		SccProjectUniqueName57 = Gico.CommentDataObject\\Gico.CommentDataObject.csproj
		SccProjectTopLevelParentUniqueName57 = Gico.sln
		SccProjectName57 = Gico.CommentDataObject
		SccLocalPath57 = Gico.CommentDataObject
		SccProjectUniqueName58 = Gico.Oms\\Gico.Oms.csproj
		SccProjectTopLevelParentUniqueName58 = Gico.sln
		SccProjectName58 = Gico.Oms
		SccLocalPath58 = Gico.Oms
		SccProjectUniqueName59 = Gico.OmsAppService\\Gico.OmsAppService.csproj
		SccProjectTopLevelParentUniqueName59 = Gico.sln
		SccProjectName59 = Gico.OmsAppService
		SccLocalPath59 = Gico.OmsAppService
		SccProjectUniqueName60 = Gico.OmsModels\\Gico.OmsModels.csproj
		SccProjectTopLevelParentUniqueName60 = Gico.sln
		SccProjectName60 = Gico.OmsModels
		SccLocalPath60 = Gico.OmsModels
		SccProjectUniqueName61 = Gico.MarketingDataObject\\Gico.MarketingDataObject.csproj
		SccProjectTopLevelParentUniqueName61 = Gico.sln
		SccProjectName61 = Gico.MarketingDataObject
		SccLocalPath61 = Gico.MarketingDataObject
		SccProjectUniqueName62 = Gico.AppService\\Gico.AppService.csproj
		SccProjectTopLevelParentUniqueName62 = Gico.sln
		SccProjectName62 = Gico.AppService
		SccLocalPath62 = Gico.AppService
		SccProjectUniqueName63 = Microsoft.AspNetCore.DataProtection.Redis\\Microsoft.AspNetCore.DataProtection.Redis.csproj
		SccProjectTopLevelParentUniqueName63 = Gico.sln
		SccProjectName63 = Microsoft.AspNetCore.DataProtection.Redis
		SccLocalPath63 = Microsoft.AspNetCore.DataProtection.Redis
		SccProjectUniqueName64 = Gico.EmailOrSmsService\\Gico.EmailOrSmsService.csproj
		SccProjectTopLevelParentUniqueName64 = Gico.sln
		SccProjectName64 = Gico.EmailOrSmsService
		SccLocalPath64 = Gico.EmailOrSmsService
		SccProjectUniqueName65 = Gico.EmailOrSmsCommands\\Gico.EmailOrSmsCommands.csproj
		SccProjectTopLevelParentUniqueName65 = Gico.sln
		SccProjectName65 = Gico.EmailOrSmsCommands
		SccLocalPath65 = Gico.EmailOrSmsCommands
		SccProjectUniqueName66 = Gico.EmailOrSmsDomains\\Gico.EmailOrSmsDomains.csproj
		SccProjectTopLevelParentUniqueName66 = Gico.sln
		SccProjectName66 = Gico.EmailOrSmsDomains
		SccLocalPath66 = Gico.EmailOrSmsDomains
		SccProjectUniqueName67 = Gico.EmailOrSmsCommandsHandler\\Gico.EmailOrSmsCommandsHandler.csproj
		SccProjectTopLevelParentUniqueName67 = Gico.sln
		SccProjectName67 = Gico.EmailOrSmsCommandsHandler
		SccLocalPath67 = Gico.EmailOrSmsCommandsHandler
		SccProjectUniqueName68 = Gico.EmailOrSmsDataObject\\Gico.EmailOrSmsDataObject.csproj
		SccProjectTopLevelParentUniqueName68 = Gico.sln
		SccProjectName68 = Gico.EmailOrSmsDataObject
		SccLocalPath68 = Gico.EmailOrSmsDataObject
		SccProjectUniqueName69 = Gico.ReadEmailSmsModels\\Gico.ReadEmailSmsModels.csproj
		SccProjectTopLevelParentUniqueName69 = Gico.sln
		SccProjectName69 = Gico.ReadEmailSmsModels
		SccLocalPath69 = Gico.ReadEmailSmsModels
		SccProjectUniqueName70 = Gico.EmailOrSmsModel\\Gico.EmailOrSmsModel.csproj
		SccProjectTopLevelParentUniqueName70 = Gico.sln
		SccProjectName70 = Gico.EmailOrSmsModel
		SccLocalPath70 = Gico.EmailOrSmsModel
		SccProjectUniqueName71 = Gico.Razor\\Gico.Razor.csproj
		SccProjectTopLevelParentUniqueName71 = Gico.sln
		SccProjectName71 = Gico.Razor
		SccLocalPath71 = Gico.Razor
		SccProjectUniqueName72 = Gico.EmailOrSmsAppService\\Gico.EmailOrSmsAppService.csproj
		SccProjectTopLevelParentUniqueName72 = Gico.sln
		SccProjectName72 = Gico.EmailOrSmsAppService
		SccLocalPath72 = Gico.EmailOrSmsAppService
		SccProjectUniqueName73 = Gico.EmailSmsTemplateModels\\Gico.EmailSmsTemplateModels.csproj
		SccProjectTopLevelParentUniqueName73 = Gico.sln
		SccProjectName73 = Gico.EmailSmsTemplateModels
		SccLocalPath73 = Gico.EmailSmsTemplateModels
		SccProjectUniqueName74 = Gico.SendMail\\Gico.SendMail.csproj
		SccProjectTopLevelParentUniqueName74 = Gico.sln
		SccProjectName74 = Gico.SendMail
		SccLocalPath74 = Gico.SendMail
		SccProjectUniqueName75 = Gico.AddressDomain\\Gico.AddressDomain.csproj
		SccProjectTopLevelParentUniqueName75 = Gico.sln
		SccProjectName75 = Gico.AddressDomain
		SccLocalPath75 = Gico.AddressDomain
		SccProjectUniqueName76 = Gico.MarketingCacheStorage\\Gico.MarketingCacheStorage.csproj
		SccProjectTopLevelParentUniqueName76 = Gico.sln
		SccProjectName76 = Gico.MarketingCacheStorage
		SccLocalPath76 = Gico.MarketingCacheStorage
	EndGlobalSection
	GlobalSection(TeamFoundationVersionControl) = preSolution
		SccNumberOfProjects = 75
		SccEnterpriseProvider = {4CA58AB2-18FA-4F8D-95D4-32DDF27D184C}
		SccTeamFoundationServer = http://tfs.daihungtinh.com/gico
		SccLocalPath0 = .
		SccProjectUniqueName1 = Gico.Cdn\\Gico.Cdn.csproj
		SccProjectTopLevelParentUniqueName1 = Gico.sln
		SccProjectName1 = Gico.Cdn
		SccLocalPath1 = Gico.Cdn
		SccProjectUniqueName2 = Gico.AddressDataObject\\Gico.AddressDataObject.csproj
		SccProjectTopLevelParentUniqueName2 = Gico.sln
		SccProjectName2 = Gico.AddressDataObject
		SccLocalPath2 = Gico.AddressDataObject
		SccProjectUniqueName3 = Gico.Caching\\Gico.Caching.csproj
		SccProjectTopLevelParentUniqueName3 = Gico.sln
		SccProjectName3 = Gico.Caching
		SccLocalPath3 = Gico.Caching
		SccProjectUniqueName4 = Gico.Common\\Gico.Common.csproj
		SccProjectTopLevelParentUniqueName4 = Gico.sln
		SccProjectName4 = Gico.Common
		SccLocalPath4 = Gico.Common
		SccProjectUniqueName5 = Gico.Config\\Gico.Config.csproj
		SccProjectTopLevelParentUniqueName5 = Gico.sln
		SccProjectName5 = Gico.Config
		SccLocalPath5 = Gico.Config
		SccProjectUniqueName6 = Gico.ConsoleApp\\Gico.ConsoleApp.csproj
		SccProjectTopLevelParentUniqueName6 = Gico.sln
		SccProjectName6 = Gico.ConsoleApp
		SccLocalPath6 = Gico.ConsoleApp
		SccProjectUniqueName7 = Gico.CQRS\\Gico.CQRS.csproj
		SccProjectTopLevelParentUniqueName7 = Gico.sln
		SccProjectName7 = Gico.CQRS
		SccLocalPath7 = Gico.CQRS
		SccProjectUniqueName8 = Gico.DataObject\\Gico.DataObject.csproj
		SccProjectTopLevelParentUniqueName8 = Gico.sln
		SccProjectName8 = Gico.DataObject
		SccLocalPath8 = Gico.DataObject
		SccProjectUniqueName9 = Gico.Domains\\Gico.Domains.csproj
		SccProjectTopLevelParentUniqueName9 = Gico.sln
		SccProjectName9 = Gico.Domains
		SccLocalPath9 = Gico.Domains
		SccProjectUniqueName10 = Gico.EsStorage\\Gico.EsStorage.csproj
		SccProjectTopLevelParentUniqueName10 = Gico.sln
		SccProjectName10 = Gico.EsStorage
		SccLocalPath10 = Gico.EsStorage
		SccProjectUniqueName11 = Gico.EventInitWk\\Gico.EventInitWk.csproj
		SccProjectTopLevelParentUniqueName11 = Gico.sln
		SccProjectName11 = Gico.EventInitWk
		SccLocalPath11 = Gico.EventInitWk
		SccProjectUniqueName12 = Gico.Events\\Gico.Events.csproj
		SccProjectTopLevelParentUniqueName12 = Gico.sln
		SccProjectName12 = Gico.Events
		SccLocalPath12 = Gico.Events
		SccProjectUniqueName13 = Gico.EventsHandler\\Gico.EventsHandler.csproj
		SccProjectTopLevelParentUniqueName13 = Gico.sln
		SccProjectName13 = Gico.EventsHandler
		SccLocalPath13 = Gico.EventsHandler
		SccProjectUniqueName14 = Gico.ExceptionDefine\\Gico.ExceptionDefine.csproj
		SccProjectTopLevelParentUniqueName14 = Gico.sln
		SccProjectName14 = Gico.ExceptionDefine
		SccLocalPath14 = Gico.ExceptionDefine
		SccProjectUniqueName15 = Gico.FileAppService\\Gico.FileAppService.csproj
		SccProjectTopLevelParentUniqueName15 = Gico.sln
		SccProjectName15 = Gico.FileAppService
		SccLocalPath15 = Gico.FileAppService
		SccProjectUniqueName16 = Gico.FileCommands\\Gico.FileCommands.csproj
		SccProjectTopLevelParentUniqueName16 = Gico.sln
		SccProjectName16 = Gico.FileCommands
		SccLocalPath16 = Gico.FileCommands
		SccProjectUniqueName17 = Gico.FileCommandsHandler\\Gico.FileCommandsHandler.csproj
		SccProjectTopLevelParentUniqueName17 = Gico.sln
		SccProjectName17 = Gico.FileCommandsHandler
		SccLocalPath17 = Gico.FileCommandsHandler
		SccProjectUniqueName18 = Gico.FileDataObject\\Gico.FileDataObject.csproj
		SccProjectTopLevelParentUniqueName18 = Gico.sln
		SccProjectName18 = Gico.FileDataObject
		SccLocalPath18 = Gico.FileDataObject
		SccProjectUniqueName19 = Gico.FileDomains\\Gico.FileDomains.csproj
		SccProjectTopLevelParentUniqueName19 = Gico.sln
		SccProjectName19 = Gico.FileDomains
		SccLocalPath19 = Gico.FileDomains
		SccProjectUniqueName20 = Gico.FileModels\\Gico.FileModels.csproj
		SccProjectTopLevelParentUniqueName20 = Gico.sln
		SccProjectName20 = Gico.FileModels
		SccLocalPath20 = Gico.FileModels
		SccProjectUniqueName21 = Gico.FileService\\Gico.FileService.csproj
		SccProjectTopLevelParentUniqueName21 = Gico.sln
		SccProjectName21 = Gico.FileService
		SccLocalPath21 = Gico.FileService
		SccProjectUniqueName22 = Gico.FrontEnd\\Gico.FrontEnd.csproj
		SccProjectTopLevelParentUniqueName22 = Gico.sln
		SccProjectName22 = Gico.FrontEnd
		SccLocalPath22 = Gico.FrontEnd
		SccProjectUniqueName23 = Gico.FrontEndAppService\\Gico.FrontEndAppService.csproj
		SccProjectTopLevelParentUniqueName23 = Gico.sln
		SccProjectName23 = Gico.FrontEndAppService
		SccLocalPath23 = Gico.FrontEndAppService
		SccProjectUniqueName24 = Gico.FrontEndModels\\Gico.FrontEndModels.csproj
		SccProjectTopLevelParentUniqueName24 = Gico.sln
		SccProjectName24 = Gico.FrontEndModels
		SccLocalPath24 = Gico.FrontEndModels
		SccProjectUniqueName25 = Gico.Models\\Gico.Models.csproj
		SccProjectTopLevelParentUniqueName25 = Gico.sln
		SccProjectName25 = Gico.Models
		SccLocalPath25 = Gico.Models
		SccProjectUniqueName26 = Gico.OrderCacheStorage\\Gico.OrderCacheStorage.csproj
		SccProjectTopLevelParentUniqueName26 = Gico.sln
		SccProjectName26 = Gico.OrderCacheStorage
		SccLocalPath26 = Gico.OrderCacheStorage
		SccProjectUniqueName27 = Gico.OrderCommands\\Gico.OrderCommands.csproj
		SccProjectTopLevelParentUniqueName27 = Gico.sln
		SccProjectName27 = Gico.OrderCommands
		SccLocalPath27 = Gico.OrderCommands
		SccProjectUniqueName28 = Gico.OrderCommandsHandler\\Gico.OrderCommandsHandler.csproj
		SccProjectTopLevelParentUniqueName28 = Gico.sln
		SccProjectName28 = Gico.OrderCommandsHandler
		SccLocalPath28 = Gico.OrderCommandsHandler
		SccProjectUniqueName29 = Gico.OrderDataObject\\Gico.OrderDataObject.csproj
		SccProjectTopLevelParentUniqueName29 = Gico.sln
		SccProjectName29 = Gico.OrderDataObject
		SccLocalPath29 = Gico.OrderDataObject
		SccProjectUniqueName30 = Gico.OrderDomains\\Gico.OrderDomains.csproj
		SccProjectTopLevelParentUniqueName30 = Gico.sln
		SccProjectName30 = Gico.OrderDomains
		SccLocalPath30 = Gico.OrderDomains
		SccProjectUniqueName31 = Gico.OrderEvents\\Gico.OrderEvents.csproj
		SccProjectTopLevelParentUniqueName31 = Gico.sln
		SccProjectName31 = Gico.OrderEvents
		SccLocalPath31 = Gico.OrderEvents
		SccProjectUniqueName32 = Gico.OrderEventsHandler\\Gico.OrderEventsHandler.csproj
		SccProjectTopLevelParentUniqueName32 = Gico.sln
		SccProjectName32 = Gico.OrderEventsHandler
		SccLocalPath32 = Gico.OrderEventsHandler
		SccProjectUniqueName33 = Gico.OrderService\\Gico.OrderService.csproj
		SccProjectTopLevelParentUniqueName33 = Gico.sln
		SccProjectName33 = Gico.OrderService
		SccLocalPath33 = Gico.OrderService
		SccProjectUniqueName34 = Gico.ProcessCommandWk\\Gico.ProcessCommandWk.csproj
		SccProjectTopLevelParentUniqueName34 = Gico.sln
		SccProjectName34 = Gico.ProcessCommandWk
		SccLocalPath34 = Gico.ProcessCommandWk
		SccProjectUniqueName35 = Gico.ProcessEventWk\\Gico.ProcessEventWk.csproj
		SccProjectTopLevelParentUniqueName35 = Gico.sln
		SccProjectName35 = Gico.ProcessEventWk
		SccLocalPath35 = Gico.ProcessEventWk
		SccProjectUniqueName36 = Gico.ReadAddressModels\\Gico.ReadAddressModels.csproj
		SccProjectTopLevelParentUniqueName36 = Gico.sln
		SccProjectName36 = Gico.ReadAddressModels
		SccLocalPath36 = Gico.ReadAddressModels
		SccProjectUniqueName37 = Gico.ReadCartModels\\Gico.ReadCartModels.csproj
		SccProjectTopLevelParentUniqueName37 = Gico.sln
		SccProjectName37 = Gico.ReadCartModels
		SccLocalPath37 = Gico.ReadCartModels
		SccProjectUniqueName38 = Gico.ReadModels\\Gico.ReadModels.csproj
		SccProjectTopLevelParentUniqueName38 = Gico.sln
		SccProjectName38 = Gico.ReadModels
		SccLocalPath38 = Gico.ReadModels
		SccProjectUniqueName39 = Gico.ReadOrderModels\\Gico.ReadOrderModels.csproj
		SccProjectTopLevelParentUniqueName39 = Gico.sln
		SccProjectName39 = Gico.ReadOrderModels
		SccLocalPath39 = Gico.ReadOrderModels
		SccProjectUniqueName40 = Gico.ReadSystemModels\\Gico.ReadSystemModels.csproj
		SccProjectTopLevelParentUniqueName40 = Gico.sln
		SccProjectName40 = Gico.ReadSystemModels
		SccLocalPath40 = Gico.ReadSystemModels
		SccProjectUniqueName41 = Gico.Resilience.Http\\Gico.Resilience.Http.csproj
		SccProjectTopLevelParentUniqueName41 = Gico.sln
		SccProjectName41 = Gico.Resilience.Http
		SccLocalPath41 = Gico.Resilience.Http
		SccProjectUniqueName42 = Gico.ShardingConfigService\\Gico.ShardingConfigService.csproj
		SccProjectTopLevelParentUniqueName42 = Gico.sln
		SccProjectName42 = Gico.ShardingConfigService
		SccLocalPath42 = Gico.ShardingConfigService
		SccProjectUniqueName43 = Gico.ShardingDataObject\\Gico.ShardingDataObject.csproj
		SccProjectTopLevelParentUniqueName43 = Gico.sln
		SccProjectName43 = Gico.ShardingDataObject
		SccLocalPath43 = Gico.ShardingDataObject
		SccProjectUniqueName44 = Gico.SystemAppService\\Gico.SystemAppService.csproj
		SccProjectTopLevelParentUniqueName44 = Gico.sln
		SccProjectName44 = Gico.SystemAppService
		SccLocalPath44 = Gico.SystemAppService
		SccProjectUniqueName45 = Gico.SystemCacheStorage\\Gico.SystemCacheStorage.csproj
		SccProjectTopLevelParentUniqueName45 = Gico.sln
		SccProjectName45 = Gico.SystemCacheStorage
		SccLocalPath45 = Gico.SystemCacheStorage
		SccProjectUniqueName46 = Gico.SystemCommands\\Gico.SystemCommands.csproj
		SccProjectTopLevelParentUniqueName46 = Gico.sln
		SccProjectName46 = Gico.SystemCommands
		SccLocalPath46 = Gico.SystemCommands
		SccProjectUniqueName47 = Gico.SystemCommandsHandler\\Gico.SystemCommandsHandler.csproj
		SccProjectTopLevelParentUniqueName47 = Gico.sln
		SccProjectName47 = Gico.SystemCommandsHandler
		SccLocalPath47 = Gico.SystemCommandsHandler
		SccProjectUniqueName48 = Gico.SystemDataObject\\Gico.SystemDataObject.csproj
		SccProjectTopLevelParentUniqueName48 = Gico.sln
		SccProjectName48 = Gico.SystemDataObject
		SccLocalPath48 = Gico.SystemDataObject
		SccProjectUniqueName49 = Gico.SystemDomains\\Gico.SystemDomains.csproj
		SccProjectTopLevelParentUniqueName49 = Gico.sln
		SccProjectName49 = Gico.SystemDomains
		SccLocalPath49 = Gico.SystemDomains
		SccProjectUniqueName50 = Gico.SystemEvents\\Gico.SystemEvents.csproj
		SccProjectTopLevelParentUniqueName50 = Gico.sln
		SccProjectName50 = Gico.SystemEvents
		SccLocalPath50 = Gico.SystemEvents
		SccProjectUniqueName51 = Gico.SystemEventsHandler\\Gico.SystemEventsHandler.csproj
		SccProjectTopLevelParentUniqueName51 = Gico.sln
		SccProjectName51 = Gico.SystemEventsHandler
		SccLocalPath51 = Gico.SystemEventsHandler
		SccProjectUniqueName52 = Gico.SystemModels\\Gico.SystemModels.csproj
		SccProjectTopLevelParentUniqueName52 = Gico.sln
		SccProjectName52 = Gico.SystemModels
		SccLocalPath52 = Gico.SystemModels
		SccProjectUniqueName53 = Gico.SystemService\\Gico.SystemService.csproj
		SccProjectTopLevelParentUniqueName53 = Gico.sln
		SccProjectName53 = Gico.SystemService
		SccLocalPath53 = Gico.SystemService
		SccProjectUniqueName54 = Gico.Tracking\\Gico.Tracking.csproj
		SccProjectTopLevelParentUniqueName54 = Gico.sln
		SccProjectName54 = Gico.Tracking
		SccLocalPath54 = Gico.Tracking
		SccProjectUniqueName55 = Gico.Cms\\Gico.Cms.csproj
		SccProjectTopLevelParentUniqueName55 = Gico.sln
		SccProjectName55 = Gico.Cms
		SccLocalPath55 = Gico.Cms
		SccProjectUniqueName56 = Gico.FileStorage\\Gico.FileStorage.csproj
		SccProjectTopLevelParentUniqueName56 = Gico.sln
		SccProjectName56 = Gico.FileStorage
		SccLocalPath56 = Gico.FileStorage
		SccProjectUniqueName57 = Gico.CommentDataObject\\Gico.CommentDataObject.csproj
		SccProjectTopLevelParentUniqueName57 = Gico.sln
		SccProjectName57 = Gico.CommentDataObject
		SccLocalPath57 = Gico.CommentDataObject
		SccProjectUniqueName58 = Gico.Oms\\Gico.Oms.csproj
		SccProjectTopLevelParentUniqueName58 = Gico.sln
		SccProjectName58 = Gico.Oms
		SccLocalPath58 = Gico.Oms
		SccProjectUniqueName59 = Gico.OmsAppService\\Gico.OmsAppService.csproj
		SccProjectTopLevelParentUniqueName59 = Gico.sln
		SccProjectName59 = Gico.OmsAppService
		SccLocalPath59 = Gico.OmsAppService
		SccProjectUniqueName60 = Gico.OmsModels\\Gico.OmsModels.csproj
		SccProjectTopLevelParentUniqueName60 = Gico.sln
		SccProjectName60 = Gico.OmsModels
		SccLocalPath60 = Gico.OmsModels
		SccProjectUniqueName61 = Gico.AppService\\Gico.AppService.csproj
		SccProjectTopLevelParentUniqueName61 = Gico.sln
		SccProjectName61 = Gico.AppService
		SccLocalPath61 = Gico.AppService
		SccProjectUniqueName62 = Gico.MarketingDataObject\\Gico.MarketingDataObject.csproj
		SccProjectTopLevelParentUniqueName62 = Gico.sln
		SccProjectName62 = Gico.MarketingDataObject
		SccLocalPath62 = Gico.MarketingDataObject
		SccProjectUniqueName63 = Microsoft.AspNetCore.DataProtection.Redis\\Microsoft.AspNetCore.DataProtection.Redis.csproj
		SccProjectTopLevelParentUniqueName63 = Gico.sln
		SccProjectName63 = Microsoft.AspNetCore.DataProtection.Redis
		SccLocalPath63 = Microsoft.AspNetCore.DataProtection.Redis
		SccProjectUniqueName64 = Gico.EmailOrSmsService\\Gico.EmailOrSmsService.csproj
		SccProjectTopLevelParentUniqueName64 = Gico.sln
		SccProjectName64 = Gico.EmailOrSmsService
		SccLocalPath64 = Gico.EmailOrSmsService
		SccProjectUniqueName65 = Gico.EmailOrSmsCommands\\Gico.EmailOrSmsCommands.csproj
		SccProjectTopLevelParentUniqueName65 = Gico.sln
		SccProjectName65 = Gico.EmailOrSmsCommands
		SccLocalPath65 = Gico.EmailOrSmsCommands
		SccProjectUniqueName66 = Gico.EmailOrSmsDomains\\Gico.EmailOrSmsDomains.csproj
		SccProjectTopLevelParentUniqueName66 = Gico.sln
		SccProjectName66 = Gico.EmailOrSmsDomains
		SccLocalPath66 = Gico.EmailOrSmsDomains
		SccProjectUniqueName67 = Gico.EmailOrSmsCommandsHandler\\Gico.EmailOrSmsCommandsHandler.csproj
		SccProjectTopLevelParentUniqueName67 = Gico.sln
		SccProjectName67 = Gico.EmailOrSmsCommandsHandler
		SccLocalPath67 = Gico.EmailOrSmsCommandsHandler
		SccProjectUniqueName68 = Gico.EmailOrSmsDataObject\\Gico.EmailOrSmsDataObject.csproj
		SccProjectTopLevelParentUniqueName68 = Gico.sln
		SccProjectName68 = Gico.EmailOrSmsDataObject
		SccLocalPath68 = Gico.EmailOrSmsDataObject
		SccProjectUniqueName69 = Gico.ReadEmailSmsModels\\Gico.ReadEmailSmsModels.csproj
		SccProjectTopLevelParentUniqueName69 = Gico.sln
		SccProjectName69 = Gico.ReadEmailSmsModels
		SccLocalPath69 = Gico.ReadEmailSmsModels
		SccProjectUniqueName70 = Gico.Razor\\Gico.Razor.csproj
		SccProjectTopLevelParentUniqueName70 = Gico.sln
		SccProjectName70 = Gico.Razor
		SccLocalPath70 = Gico.Razor
		SccProjectUniqueName71 = Gico.SendMail\\Gico.SendMail.csproj
		SccProjectTopLevelParentUniqueName71 = Gico.sln
		SccProjectName71 = Gico.SendMail
		SccLocalPath71 = Gico.SendMail
		SccProjectUniqueName72 = Gico.EmailSmsTemplate\\Gico.EmailSmsTemplate.csproj
		SccProjectTopLevelParentUniqueName72 = Gico.sln
		SccProjectName72 = Gico.EmailSmsTemplate
		SccLocalPath72 = Gico.EmailSmsTemplate
		SccProjectUniqueName74 = Gico.ReadEmailSmsModels\\Gico.ReadEmailSmsModels.csproj
		SccProjectTopLevelParentUniqueName74 = Gico.sln
		SccProjectName74 = Gico.ReadEmailSmsModels
		SccLocalPath74 = Gico.ReadEmailSmsModels
	EndGlobalSection
EndGlobal
